<?xml version="1.0" encoding="utf-8"?>
<Project ToolsVersion="4.0" xmlns="http://schemas.microsoft.com/developer/msbuild/2003">
  <ItemGroup>
    <Filter Include="Source Files">
      <UniqueIdentifier>{5c2453fc-f02c-445f-a57c-78afe8340b10}</UniqueIdentifier>
      <Extensions>cpp;c;cxx;rc;def;r;odl;idl;hpj;bat</Extensions>
    </Filter>
    <Filter Include="Header Files">
      <UniqueIdentifier>{59d18172-e6f9-4ca8-8d58-3ce1355999d3}</UniqueIdentifier>
      <Extensions>h;hpp;hxx;hm;inl</Extensions>
    </Filter>
    <Filter Include="Resource Files">
      <UniqueIdentifier>{85dcfb10-4e9f-4af5-8faa-acc8d4558a24}</UniqueIdentifier>
      <Extensions>ico;cur;bmp;dlg;rc2;rct;bin;rgs;gif;jpg;jpeg;jpe</Extensions>
    </Filter>
  </ItemGroup>
  <ItemGroup>
    <ClCompile Include="AverageIntense.cpp">
      <Filter>Source Files</Filter>
    </ClCompile>
    <ClCompile Include="common\setka\Data.cpp">
      <Filter>Source Files</Filter>
    </ClCompile>
    <ClCompile Include="common\setka\Distortion.cpp">
      <Filter>Source Files</Filter>
    </ClCompile>
    <ClCompile Include="FileX.cpp">
      <Filter>Source Files</Filter>
    </ClCompile>
    <ClCompile Include="common\setka\Grid.cpp">
      <Filter>Source Files</Filter>
    </ClCompile>
    <ClCompile Include="common\setka\Lines.cpp">
      <Filter>Source Files</Filter>
    </ClCompile>
    <ClCompile Include="common\setka\Mapper.cpp">
      <Filter>Source Files</Filter>
    </ClCompile>
    <ClCompile Include="MapperGadget.cpp">
      <Filter>Source Files</Filter>
    </ClCompile>
    <ClCompile Include="common\setka\Node.cpp">
      <Filter>Source Files</Filter>
    </ClCompile>
    <ClCompile Include="PolySetupDialog.cpp">
      <Filter>Source Files</Filter>
    </ClCompile>
    <ClCompile Include="PolyTransform.cpp">
      <Filter>Source Files</Filter>
    </ClCompile>
    <ClCompile Include="common\setka\Processing.cpp">
      <Filter>Source Files</Filter>
    </ClCompile>
    <ClCompile Include="common\setka\ProcessingStep.cpp">
      <Filter>Source Files</Filter>
    </ClCompile>
    <ClCompile Include="StdAfx.cpp">
      <Filter>Source Files</Filter>
    </ClCompile>
    <ClCompile Include="..\..\gadgets\common\imageproc\clusters\Clusters.cpp">
      <Filter>Source Files</Filter>
    </ClCompile>
    <ClCompile Include="CalibBySpots.cpp">
      <Filter>Source Files</Filter>
    </ClCompile>
    <ClCompile Include="Holoor.cpp">
      <Filter>Source Files</Filter>
    </ClCompile>
    <ClCompile Include="ConturAsm.cpp">
      <Filter>Source Files</Filter>
    </ClCompile>
    <ClCompile Include="ColorExtractor.cpp">
      <Filter>Source Files</Filter>
    </ClCompile>
    <ClCompile Include="TColorMatch.cpp">
      <Filter>Source Files</Filter>
    </ClCompile>
    <ClCompile Include="FindStraights.cpp">
      <Filter>Source Files</Filter>
    </ClCompile>
    <ClCompile Include="Noga.cpp">
      <Filter>Source Files</Filter>
    </ClCompile>
    <ClCompile Include="VideoCrossFFT.cpp">
      <Filter>Source Files</Filter>
    </ClCompile>
    <ClCompile Include="..\..\Common\helpers\FramesHelper.cpp">
      <Filter>Source Files</Filter>
    </ClCompile>
    <ClCompile Include="..\..\Common\Math\FigureProcessing.cpp">
      <Filter>Source Files</Filter>
    </ClCompile>
    <ClCompile Include="GeometryAnalyzer.cpp">
      <Filter>Source Files</Filter>
    </ClCompile>
    <ClCompile Include="..\..\Common\files\filefilter.cpp">
      <Filter>Source Files</Filter>
    </ClCompile>
    <ClCompile Include="..\..\Common\helpers\regkeys.cpp">
      <Filter>Source Files</Filter>
    </ClCompile>
    <ClCompile Include="MPPT.cpp">
      <Filter>Source Files</Filter>
    </ClCompile>
    <ClCompile Include="..\..\Common\Math\PlaneGeometry.cpp">
      <Filter>Source Files</Filter>
    </ClCompile>
    <ClCompile Include="..\..\Common\helpers\GraphicsOnImage.cpp">
      <Filter>Source Files</Filter>
    </ClCompile>
    <ClCompile Include="MPPT_DataSaveRestore.cpp">
      <Filter>Source Files</Filter>
    </ClCompile>
    <ClCompile Include="ScreenFrag.cpp">
      <Filter>Source Files</Filter>
    </ClCompile>
    <ClCompile Include="ConturASMSave_Restore.cpp">
      <Filter>Source Files</Filter>
    </ClCompile>
    <ClCompile Include="ConturASM_Motion.cpp">
      <Filter>Source Files</Filter>
    </ClCompile>
    <ClCompile Include="ConturASMGraphics.cpp">
      <Filter>Source Files</Filter>
    </ClCompile>
    <ClCompile Include="ConturASM_FindExtrem.cpp">
      <Filter>Source Files</Filter>
    </ClCompile>
    <ClCompile Include="ConturAsm_Utilities.cpp">
      <Filter>Source Files</Filter>
    </ClCompile>
    <ClCompile Include="MPPT_Green.cpp">
      <Filter>Source Files</Filter>
    </ClCompile>
    <ClCompile Include="MPPT_PartData.cpp">
      <Filter>Source Files</Filter>
    </ClCompile>
    <ClCompile Include="MPPT_Dispens.cpp">
      <Filter>Source Files</Filter>
    </ClCompile>
    <ClCompile Include="..\..\Common\Math\PlaneCircle.cpp">
      <Filter>Source Files</Filter>
    </ClCompile>
    <ClCompile Include="CMouseHook.cpp">
      <Filter>Source Files</Filter>
    </ClCompile>
    <ClCompile Include="MPPT_DispensCentering.cpp">
      <Filter>Source Files</Filter>
    </ClCompile>
    <ClCompile Include="MPPT_DispensDataSaveRestore.cpp">
      <Filter>Source Files</Filter>
    </ClCompile>
    <ClCompile Include="Tecto.cpp">
      <Filter>Source Files</Filter>
    </ClCompile>
    <ClCompile Include="Tecto_Polyline.cpp">
      <Filter>Source Files</Filter>
    </ClCompile>
    <ClCompile Include="Tecto_ProcessPlantImage.cpp">
      <Filter>Source Files</Filter>
    </ClCompile>
    <ClCompile Include="Tecto_R2.cpp">
      <Filter>Source Files</Filter>
    </ClCompile>
    <ClCompile Include="Tecto_DetectFlowerComponents.cpp">
      <Filter>Source Files</Filter>
    </ClCompile>
    <ClCompile Include="..\..\gadgets\common\imageproc\clusters\Segmentation.cpp">
      <Filter>Source Files</Filter>
    </ClCompile>
    <ClCompile Include="..\..\Common\imageproc\ExtractVObjectResult.cpp">
      <Filter>Source Files</Filter>
    </ClCompile>
    <ClCompile Include="..\Common\Math\FStraightLineRegression.cpp">
      <Filter>Source Files</Filter>
    </ClCompile>
    <ClCompile Include="SpotSymmetry.cpp">
      <Filter>Source Files</Filter>
    </ClCompile>
    <ClCompile Include="TwoCamsGadget.cpp">
      <Filter>Source Files</Filter>
    </ClCompile>
    <ClCompile Include="MPPT_HolesInWedges.cpp">
      <Filter>Source Files</Filter>
    </ClCompile>
    <ClCompile Include="SkewMeter.cpp">
      <Filter>Source Files</Filter>
    </ClCompile>
    <ClCompile Include="..\..\Common\Math\FRegression.cpp">
      <Filter>Source Files</Filter>
    </ClCompile>
    <ClCompile Include="RulTracker.cpp">
      <Filter>Source Files</Filter>
    </ClCompile>
    <ClCompile Include="SecondaryCheckForObjects.cpp">
      <Filter>Source Files</Filter>
    </ClCompile>
  </ItemGroup>
  <ItemGroup>
    <None Include="res\FileX.rc2">
      <Filter>Resource Files</Filter>
    </None>
    <None Include="res\ColorExtract.mht">
      <Filter>Resource Files</Filter>
    </None>
    <None Include="res\Iscar_2020-3.tvg">
      <Filter>Resource Files</Filter>
    </None>
    <None Include="res\MPPT_Debug.tvg">
      <Filter>Resource Files</Filter>
    </None>
  </ItemGroup>
  <ItemGroup>
    <ClInclude Include="AverageIntense.h">
      <Filter>Header Files</Filter>
    </ClInclude>
    <ClInclude Include="common\setka\Data.h">
      <Filter>Header Files</Filter>
    </ClInclude>
    <ClInclude Include="common\setka\Distortion.h">
      <Filter>Header Files</Filter>
    </ClInclude>
    <ClInclude Include="FileX.h">
      <Filter>Header Files</Filter>
    </ClInclude>
    <ClInclude Include="common\setka\grid.h">
      <Filter>Header Files</Filter>
    </ClInclude>
    <ClInclude Include="GridCalbrator.h">
      <Filter>Header Files</Filter>
    </ClInclude>
    <ClInclude Include="MapperGadget.h">
      <Filter>Header Files</Filter>
    </ClInclude>
    <ClInclude Include="PolySetupDialog.h">
      <Filter>Header Files</Filter>
    </ClInclude>
    <ClInclude Include="PolyTransform.h">
      <Filter>Header Files</Filter>
    </ClInclude>
    <ClInclude Include="Resource.h">
      <Filter>Header Files</Filter>
    </ClInclude>
    <ClInclude Include="StdAfx.h">
      <Filter>Header Files</Filter>
    </ClInclude>
    <ClInclude Include="Holoor.h">
      <Filter>Header Files</Filter>
    </ClInclude>
    <ClInclude Include="ConturAsm.h">
      <Filter>Header Files</Filter>
    </ClInclude>
    <ClInclude Include="..\..\Common\helpers\propertykitEx.h">
      <Filter>Header Files</Filter>
    </ClInclude>
    <ClInclude Include="ColorExtractor.h">
      <Filter>Header Files</Filter>
    </ClInclude>
    <ClInclude Include="TColorMatch.h">
      <Filter>Header Files</Filter>
    </ClInclude>
    <ClInclude Include="..\..\Common\helpers\FramesHelper.h">
      <Filter>Header Files</Filter>
    </ClInclude>
    <ClInclude Include="FindStraights.h">
      <Filter>Header Files</Filter>
    </ClInclude>
    <ClInclude Include="..\Common\Math\FRegression.h">
      <Filter>Header Files</Filter>
    </ClInclude>
    <ClInclude Include="ConturData.h">
      <Filter>Header Files</Filter>
    </ClInclude>
    <ClInclude Include="..\..\Common\Math\PlaneGeometry.h">
      <Filter>Header Files</Filter>
    </ClInclude>
    <ClInclude Include="..\..\Common\Math\FigureProcessing.h">
      <Filter>Header Files</Filter>
    </ClInclude>
    <ClInclude Include="Noga.h">
      <Filter>Header Files</Filter>
    </ClInclude>
    <ClInclude Include="VideoCrossFFT.h">
      <Filter>Header Files</Filter>
    </ClInclude>
    <ClInclude Include="GeometryAnalyzer.h">
      <Filter>Header Files</Filter>
    </ClInclude>
    <ClInclude Include="..\..\Common\files\imgfiles.h">
      <Filter>Header Files</Filter>
    </ClInclude>
    <ClInclude Include="..\..\Common\Math\Intf_sup.h">
      <Filter>Header Files</Filter>
    </ClInclude>
    <ClInclude Include="MPPT.h">
      <Filter>Header Files</Filter>
    </ClInclude>
    <ClInclude Include="..\..\Common\Math\Line2d.h">
      <Filter>Header Files</Filter>
    </ClInclude>
    <ClInclude Include="..\..\Common\imageproc\statistics.h">
      <Filter>Header Files</Filter>
    </ClInclude>
    <ClInclude Include="ScreenFrag.h">
      <Filter>Header Files</Filter>
    </ClInclude>
    <ClInclude Include="MPPT_Green.h">
      <Filter>Header Files</Filter>
    </ClInclude>
    <ClInclude Include="MPPT_Dispens.h">
      <Filter>Header Files</Filter>
    </ClInclude>
    <ClInclude Include="CMouseHook.h">
      <Filter>Header Files</Filter>
    </ClInclude>
    <ClInclude Include="Tecto.h">
      <Filter>Header Files</Filter>
    </ClInclude>
    <ClInclude Include="Tecto_Polyline.h">
      <Filter>Header Files</Filter>
    </ClInclude>
    <ClInclude Include="Tecto_ProcessPlantImage.h">
      <Filter>Header Files</Filter>
    </ClInclude>
    <ClInclude Include="Tecto_R2.h">
      <Filter>Header Files</Filter>
    </ClInclude>
    <ClInclude Include="Tecto_DetectFlowerComponents.h">
      <Filter>Header Files</Filter>
    </ClInclude>
    <ClInclude Include="..\..\Common\Math\PlaneCircle.h">
      <Filter>Header Files</Filter>
    </ClInclude>
    <ClInclude Include="..\..\Common\imageproc\ExtractVObjectResult.h">
      <Filter>Header Files</Filter>
    </ClInclude>
    <ClInclude Include="SpotSymmetry.h">
      <Filter>Header Files</Filter>
    </ClInclude>
    <ClInclude Include="TwoCamsGadget.h">
      <Filter>Header Files</Filter>
    </ClInclude>
    <ClInclude Include="SkewMeter.h">
      <Filter>Header Files</Filter>
    </ClInclude>
    <ClInclude Include="..\..\Common\imageproc\ImageProfile.h">
      <Filter>Header Files</Filter>
    </ClInclude>
    <ClInclude Include="..\..\Common\helpers\UserBaseGadget.h">
      <Filter>Header Files</Filter>
    </ClInclude>
    <ClInclude Include="RulTracker.h">
      <Filter>Header Files</Filter>
    </ClInclude>
    <ClInclude Include="SecondaryCheckForObjects.h">
      <Filter>Header Files</Filter>
    </ClInclude>
  </ItemGroup>
  <ItemGroup>
    <ResourceCompile Include="FileX.rc">
      <Filter>Resource Files</Filter>
    </ResourceCompile>
  </ItemGroup>
</Project>