Microsoft Visual Studio Solution File, Format Version 12.00
# Visual Studio 15
VisualStudioVersion = 15.0.27130.2036
MinimumVisualStudioVersion = 10.0.40219.1
Project("{2150E333-8FDC-42A3-9474-1A3956D46DE8}") = "Cameras", "Cameras", "{3B02C55E-BD3B-4A78-80DC-7A8DC4162B92}"
EndProject
Project("{8BC9CEB8-8B4A-11D0-8D11-00A0C91BC942}") = "CMDGadgets", "CMDGadgets\CMDGadgets.vcxproj", "{26D61F4F-7498-45C9-AA80-F4AC9D191D49}"
EndProject
Project("{8BC9CEB8-8B4A-11D0-8D11-00A0C91BC942}") = "CtrlGadgets", "CtrlGadgets\CtrlGadgets.vcxproj", "{FE917AF7-E96B-4105-B665-4C848F176DAF}"
EndProject
Project("{8BC9CEB8-8B4A-11D0-8D11-00A0C91BC942}") = "FLWGadget", "FLWGadget\FLWGadget.vcxproj", "{7A6EB3F0-0155-494F-8BF0-F38C49F6C586}"
EndProject
Project("{8BC9CEB8-8B4A-11D0-8D11-00A0C91BC942}") = "Metafiles", "Metafiles\Metafiles.vcxproj", "{DF239341-45E5-4C7E-8B72-1BE1FA31E111}"
EndProject
Project("{8BC9CEB8-8B4A-11D0-8D11-00A0C91BC942}") = "SmartNorma", "SmartNorma\SmartNorma.vcxproj", "{4C85DA4D-FB65-4CC8-B17A-7916C24519A4}"
EndProject
Project("{8BC9CEB8-8B4A-11D0-8D11-00A0C91BC942}") = "TVAvi", "TVAvi\TVAvi.vcxproj", "{84C11E5C-8739-4FA8-9164-30C5E2DD68A0}"
EndProject
Project("{8BC9CEB8-8B4A-11D0-8D11-00A0C91BC942}") = "TVBMPGadget", "TVBMPGadget\TVBMPGadget.vcxproj", "{80F5C912-4B21-485A-877F-A3270A0F323E}"
EndProject
Project("{8BC9CEB8-8B4A-11D0-8D11-00A0C91BC942}") = "TVGeneric", "TVGeneric\TVGeneric.vcxproj", "{5A355989-2503-442F-95F9-6A2846B1C615}"
EndProject
Project("{8BC9CEB8-8B4A-11D0-8D11-00A0C91BC942}") = "TVRecognition", "TVRecognition\TVRecognition.vcxproj", "{C3519330-66F8-4841-B692-64EFC776BE03}"
EndProject
Project("{8BC9CEB8-8B4A-11D0-8D11-00A0C91BC942}") = "TVVideo", "TVVideo\TVVideo.vcxproj", "{3E5ADF8C-B1DF-44AD-B7AA-B4E551139FB1}"
EndProject
Project("{8BC9CEB8-8B4A-11D0-8D11-00A0C91BC942}") = "TxtGadgets", "TxtGadgets\TxtGadgets.vcxproj", "{0EB61A90-C0E6-4B1E-BEC8-79B0ADABB293}"
EndProject
Project("{8BC9CEB8-8B4A-11D0-8D11-00A0C91BC942}") = "VectorFields", "VectorFields\VectorFields.vcxproj", "{8AF8C74E-C156-4A8B-B238-367AD8A7CEE7}"
EndProject
Project("{8BC9CEB8-8B4A-11D0-8D11-00A0C91BC942}") = "VideoLogic", "VideoLogic\VideoLogic.vcxproj", "{777DCDBA-E98B-4DB0-99E8-C13E47E80C67}"
EndProject
Project("{8BC9CEB8-8B4A-11D0-8D11-00A0C91BC942}") = "WDM", "cameras\WDM\WDM.vcxproj", "{12802181-D0E0-43BC-ACDB-591FA53580AA}"
EndProject
Project("{8BC9CEB8-8B4A-11D0-8D11-00A0C91BC942}") = "WavGadgets", "WavGadgets\WavGadgets.vcxproj", "{547CEF2E-61C8-4323-9838-B1B93BB0638B}"
EndProject
Project("{8BC9CEB8-8B4A-11D0-8D11-00A0C91BC942}") = "ptgrey2_0", "cameras\ptgrey2_0\ptgrey2_0.vcxproj", "{8262A587-23C7-4F5C-9AA9-D5E4EB9A66FB}"
EndProject
Project("{8BC9CEB8-8B4A-11D0-8D11-00A0C91BC942}") = "barcodes", "barcodes\barcodes.vcxproj", "{3E205CED-2B43-45CF-8A03-64B320066878}"
EndProject
Project("{8BC9CEB8-8B4A-11D0-8D11-00A0C91BC942}") = "Network", "Network\Network.vcxproj", "{6F289EAF-A957-402D-BE94-340408181CFB}"
EndProject
Project("{8BC9CEB8-8B4A-11D0-8D11-00A0C91BC942}") = "RectGadgets", "RectGadgets\RectGadgets.vcxproj", "{5A502993-383F-4125-BF60-CBF4E93E8E9C}"
EndProject
Project("{8BC9CEB8-8B4A-11D0-8D11-00A0C91BC942}") = "TVClusters", "TVClusters\TVClusters.vcxproj", "{8519D9FB-6FF3-438E-A159-D924DDC35BEF}"
EndProject
Project("{8BC9CEB8-8B4A-11D0-8D11-00A0C91BC942}") = "NeedleIndicator", "NeedleIndicator\NeedleIndicator.vcxproj", "{E6ACB305-310E-4E0E-8F79-2C77DE870FB6}"
EndProject
Project("{8BC9CEB8-8B4A-11D0-8D11-00A0C91BC942}") = "TVStatistics", "TVStatistics\TVStatistics.vcxproj", "{17585A82-FEDA-4288-B301-EE7432C123CB}"
EndProject
Project("{8BC9CEB8-8B4A-11D0-8D11-00A0C91BC942}") = "ScanGadget", "ScanGadget\ScanGadget.vcxproj", "{87B10123-1F88-48C4-8C4C-82259847FF54}"
EndProject
Project("{8BC9CEB8-8B4A-11D0-8D11-00A0C91BC942}") = "MODIOCRGadget", "MODIOCRGadget\MODIOCRGadget.vcxproj", "{225F566A-C9FC-4137-9CED-B760021C2742}"
EndProject
Project("{8BC9CEB8-8B4A-11D0-8D11-00A0C91BC942}") = "DShowFilters", "DShowFilters\DShowFilters.vcxproj", "{B22B4FEE-9113-4B49-A6DA-5594BFE7AF4B}"
EndProject
Project("{8BC9CEB8-8B4A-11D0-8D11-00A0C91BC942}") = "Basler", "cameras\Basler\Basler.vcxproj", "{23839604-B951-4068-8FEB-CF4FE2078396}"
EndProject
Project("{8BC9CEB8-8B4A-11D0-8D11-00A0C91BC942}") = "avt1394", "cameras\avt1394\avt1394.vcxproj", "{3C537914-8371-4140-9B66-34BD4227C239}"
EndProject
Project("{8BC9CEB8-8B4A-11D0-8D11-00A0C91BC942}") = "ShMemComm", "ShMemComm\ShMemComm.vcxproj", "{FDC0B929-04C7-4210-92FB-9E70430F3A32}"
EndProject
Global
	GlobalSection(SolutionConfigurationPlatforms) = preSolution
		Debug|x64 = Debug|x64
		Debug|x86 = Debug|x86
		Release|x64 = Release|x64
		Release|x86 = Release|x86
	EndGlobalSection
	GlobalSection(ProjectConfigurationPlatforms) = postSolution
		{26D61F4F-7498-45C9-AA80-F4AC9D191D49}.Debug|x64.ActiveCfg = Debug|x64
		{26D61F4F-7498-45C9-AA80-F4AC9D191D49}.Debug|x64.Build.0 = Debug|x64
		{26D61F4F-7498-45C9-AA80-F4AC9D191D49}.Debug|x86.ActiveCfg = Debug|Win32
		{26D61F4F-7498-45C9-AA80-F4AC9D191D49}.Debug|x86.Build.0 = Debug|Win32
		{26D61F4F-7498-45C9-AA80-F4AC9D191D49}.Release|x64.ActiveCfg = Release|x64
		{26D61F4F-7498-45C9-AA80-F4AC9D191D49}.Release|x64.Build.0 = Release|x64
		{26D61F4F-7498-45C9-AA80-F4AC9D191D49}.Release|x86.ActiveCfg = Release|Win32
		{26D61F4F-7498-45C9-AA80-F4AC9D191D49}.Release|x86.Build.0 = Release|Win32
		{FE917AF7-E96B-4105-B665-4C848F176DAF}.Debug|x64.ActiveCfg = Debug|x64
		{FE917AF7-E96B-4105-B665-4C848F176DAF}.Debug|x64.Build.0 = Debug|x64
		{FE917AF7-E96B-4105-B665-4C848F176DAF}.Debug|x86.ActiveCfg = Debug|Win32
		{FE917AF7-E96B-4105-B665-4C848F176DAF}.Debug|x86.Build.0 = Debug|Win32
		{FE917AF7-E96B-4105-B665-4C848F176DAF}.Release|x64.ActiveCfg = Release|x64
		{FE917AF7-E96B-4105-B665-4C848F176DAF}.Release|x64.Build.0 = Release|x64
		{FE917AF7-E96B-4105-B665-4C848F176DAF}.Release|x86.ActiveCfg = Release|Win32
		{FE917AF7-E96B-4105-B665-4C848F176DAF}.Release|x86.Build.0 = Release|Win32
		{7A6EB3F0-0155-494F-8BF0-F38C49F6C586}.Debug|x64.ActiveCfg = Debug|x64
		{7A6EB3F0-0155-494F-8BF0-F38C49F6C586}.Debug|x64.Build.0 = Debug|x64
		{7A6EB3F0-0155-494F-8BF0-F38C49F6C586}.Debug|x86.ActiveCfg = Debug|Win32
		{7A6EB3F0-0155-494F-8BF0-F38C49F6C586}.Debug|x86.Build.0 = Debug|Win32
		{7A6EB3F0-0155-494F-8BF0-F38C49F6C586}.Release|x64.ActiveCfg = Release|x64
		{7A6EB3F0-0155-494F-8BF0-F38C49F6C586}.Release|x64.Build.0 = Release|x64
		{7A6EB3F0-0155-494F-8BF0-F38C49F6C586}.Release|x86.ActiveCfg = Release|Win32
		{7A6EB3F0-0155-494F-8BF0-F38C49F6C586}.Release|x86.Build.0 = Release|Win32
		{DF239341-45E5-4C7E-8B72-1BE1FA31E111}.Debug|x64.ActiveCfg = Debug|x64
		{DF239341-45E5-4C7E-8B72-1BE1FA31E111}.Debug|x64.Build.0 = Debug|x64
		{DF239341-45E5-4C7E-8B72-1BE1FA31E111}.Debug|x86.ActiveCfg = Debug|Win32
		{DF239341-45E5-4C7E-8B72-1BE1FA31E111}.Debug|x86.Build.0 = Debug|Win32
		{DF239341-45E5-4C7E-8B72-1BE1FA31E111}.Release|x64.ActiveCfg = Release|x64
		{DF239341-45E5-4C7E-8B72-1BE1FA31E111}.Release|x64.Build.0 = Release|x64
		{DF239341-45E5-4C7E-8B72-1BE1FA31E111}.Release|x86.ActiveCfg = Release|Win32
		{DF239341-45E5-4C7E-8B72-1BE1FA31E111}.Release|x86.Build.0 = Release|Win32
		{4C85DA4D-FB65-4CC8-B17A-7916C24519A4}.Debug|x64.ActiveCfg = Debug|x64
		{4C85DA4D-FB65-4CC8-B17A-7916C24519A4}.Debug|x64.Build.0 = Debug|x64
		{4C85DA4D-FB65-4CC8-B17A-7916C24519A4}.Debug|x86.ActiveCfg = Debug|Win32
		{4C85DA4D-FB65-4CC8-B17A-7916C24519A4}.Debug|x86.Build.0 = Debug|Win32
		{4C85DA4D-FB65-4CC8-B17A-7916C24519A4}.Release|x64.ActiveCfg = Release|x64
		{4C85DA4D-FB65-4CC8-B17A-7916C24519A4}.Release|x64.Build.0 = Release|x64
		{4C85DA4D-FB65-4CC8-B17A-7916C24519A4}.Release|x86.ActiveCfg = Release|Win32
		{4C85DA4D-FB65-4CC8-B17A-7916C24519A4}.Release|x86.Build.0 = Release|Win32
		{84C11E5C-8739-4FA8-9164-30C5E2DD68A0}.Debug|x64.ActiveCfg = Debug|x64
		{84C11E5C-8739-4FA8-9164-30C5E2DD68A0}.Debug|x64.Build.0 = Debug|x64
		{84C11E5C-8739-4FA8-9164-30C5E2DD68A0}.Debug|x86.ActiveCfg = Debug|Win32
		{84C11E5C-8739-4FA8-9164-30C5E2DD68A0}.Debug|x86.Build.0 = Debug|Win32
		{84C11E5C-8739-4FA8-9164-30C5E2DD68A0}.Release|x64.ActiveCfg = Release|x64
		{84C11E5C-8739-4FA8-9164-30C5E2DD68A0}.Release|x64.Build.0 = Release|x64
		{84C11E5C-8739-4FA8-9164-30C5E2DD68A0}.Release|x86.ActiveCfg = Release|Win32
		{84C11E5C-8739-4FA8-9164-30C5E2DD68A0}.Release|x86.Build.0 = Release|Win32
		{80F5C912-4B21-485A-877F-A3270A0F323E}.Debug|x64.ActiveCfg = Debug|x64
		{80F5C912-4B21-485A-877F-A3270A0F323E}.Debug|x64.Build.0 = Debug|x64
		{80F5C912-4B21-485A-877F-A3270A0F323E}.Debug|x86.ActiveCfg = Debug|Win32
		{80F5C912-4B21-485A-877F-A3270A0F323E}.Debug|x86.Build.0 = Debug|Win32
		{80F5C912-4B21-485A-877F-A3270A0F323E}.Release|x64.ActiveCfg = Release|x64
		{80F5C912-4B21-485A-877F-A3270A0F323E}.Release|x64.Build.0 = Release|x64
		{80F5C912-4B21-485A-877F-A3270A0F323E}.Release|x86.ActiveCfg = Release|Win32
		{80F5C912-4B21-485A-877F-A3270A0F323E}.Release|x86.Build.0 = Release|Win32
		{5A355989-2503-442F-95F9-6A2846B1C615}.Debug|x64.ActiveCfg = Debug|x64
		{5A355989-2503-442F-95F9-6A2846B1C615}.Debug|x64.Build.0 = Debug|x64
		{5A355989-2503-442F-95F9-6A2846B1C615}.Debug|x86.ActiveCfg = Debug|Win32
		{5A355989-2503-442F-95F9-6A2846B1C615}.Debug|x86.Build.0 = Debug|Win32
		{5A355989-2503-442F-95F9-6A2846B1C615}.Release|x64.ActiveCfg = Release|x64
		{5A355989-2503-442F-95F9-6A2846B1C615}.Release|x64.Build.0 = Release|x64
		{5A355989-2503-442F-95F9-6A2846B1C615}.Release|x86.ActiveCfg = Release|Win32
		{5A355989-2503-442F-95F9-6A2846B1C615}.Release|x86.Build.0 = Release|Win32
		{C3519330-66F8-4841-B692-64EFC776BE03}.Debug|x64.ActiveCfg = Debug|x64
		{C3519330-66F8-4841-B692-64EFC776BE03}.Debug|x64.Build.0 = Debug|x64
		{C3519330-66F8-4841-B692-64EFC776BE03}.Debug|x86.ActiveCfg = Debug|Win32
		{C3519330-66F8-4841-B692-64EFC776BE03}.Debug|x86.Build.0 = Debug|Win32
		{C3519330-66F8-4841-B692-64EFC776BE03}.Release|x64.ActiveCfg = Release|x64
		{C3519330-66F8-4841-B692-64EFC776BE03}.Release|x64.Build.0 = Release|x64
		{C3519330-66F8-4841-B692-64EFC776BE03}.Release|x86.ActiveCfg = Release|Win32
		{C3519330-66F8-4841-B692-64EFC776BE03}.Release|x86.Build.0 = Release|Win32
		{3E5ADF8C-B1DF-44AD-B7AA-B4E551139FB1}.Debug|x64.ActiveCfg = Debug|x64
		{3E5ADF8C-B1DF-44AD-B7AA-B4E551139FB1}.Debug|x64.Build.0 = Debug|x64
		{3E5ADF8C-B1DF-44AD-B7AA-B4E551139FB1}.Debug|x86.ActiveCfg = Debug|Win32
		{3E5ADF8C-B1DF-44AD-B7AA-B4E551139FB1}.Debug|x86.Build.0 = Debug|Win32
		{3E5ADF8C-B1DF-44AD-B7AA-B4E551139FB1}.Release|x64.ActiveCfg = Release|x64
		{3E5ADF8C-B1DF-44AD-B7AA-B4E551139FB1}.Release|x64.Build.0 = Release|x64
		{3E5ADF8C-B1DF-44AD-B7AA-B4E551139FB1}.Release|x86.ActiveCfg = Release|Win32
		{3E5ADF8C-B1DF-44AD-B7AA-B4E551139FB1}.Release|x86.Build.0 = Release|Win32
		{0EB61A90-C0E6-4B1E-BEC8-79B0ADABB293}.Debug|x64.ActiveCfg = Debug|x64
		{0EB61A90-C0E6-4B1E-BEC8-79B0ADABB293}.Debug|x64.Build.0 = Debug|x64
		{0EB61A90-C0E6-4B1E-BEC8-79B0ADABB293}.Debug|x86.ActiveCfg = Debug|Win32
		{0EB61A90-C0E6-4B1E-BEC8-79B0ADABB293}.Debug|x86.Build.0 = Debug|Win32
		{0EB61A90-C0E6-4B1E-BEC8-79B0ADABB293}.Release|x64.ActiveCfg = Release|x64
		{0EB61A90-C0E6-4B1E-BEC8-79B0ADABB293}.Release|x64.Build.0 = Release|x64
		{0EB61A90-C0E6-4B1E-BEC8-79B0ADABB293}.Release|x86.ActiveCfg = Release|Win32
		{0EB61A90-C0E6-4B1E-BEC8-79B0ADABB293}.Release|x86.Build.0 = Release|Win32
		{8AF8C74E-C156-4A8B-B238-367AD8A7CEE7}.Debug|x64.ActiveCfg = Debug|x64
		{8AF8C74E-C156-4A8B-B238-367AD8A7CEE7}.Debug|x64.Build.0 = Debug|x64
		{8AF8C74E-C156-4A8B-B238-367AD8A7CEE7}.Debug|x86.ActiveCfg = Debug|Win32
		{8AF8C74E-C156-4A8B-B238-367AD8A7CEE7}.Debug|x86.Build.0 = Debug|Win32
		{8AF8C74E-C156-4A8B-B238-367AD8A7CEE7}.Release|x64.ActiveCfg = Release|x64
		{8AF8C74E-C156-4A8B-B238-367AD8A7CEE7}.Release|x64.Build.0 = Release|x64
		{8AF8C74E-C156-4A8B-B238-367AD8A7CEE7}.Release|x86.ActiveCfg = Release|Win32
		{8AF8C74E-C156-4A8B-B238-367AD8A7CEE7}.Release|x86.Build.0 = Release|Win32
		{777DCDBA-E98B-4DB0-99E8-C13E47E80C67}.Debug|x64.ActiveCfg = Debug|x64
		{777DCDBA-E98B-4DB0-99E8-C13E47E80C67}.Debug|x64.Build.0 = Debug|x64
		{777DCDBA-E98B-4DB0-99E8-C13E47E80C67}.Debug|x86.ActiveCfg = Debug|Win32
		{777DCDBA-E98B-4DB0-99E8-C13E47E80C67}.Debug|x86.Build.0 = Debug|Win32
		{777DCDBA-E98B-4DB0-99E8-C13E47E80C67}.Release|x64.ActiveCfg = Release|x64
		{777DCDBA-E98B-4DB0-99E8-C13E47E80C67}.Release|x64.Build.0 = Release|x64
		{777DCDBA-E98B-4DB0-99E8-C13E47E80C67}.Release|x86.ActiveCfg = Release|Win32
		{777DCDBA-E98B-4DB0-99E8-C13E47E80C67}.Release|x86.Build.0 = Release|Win32
		{12802181-D0E0-43BC-ACDB-591FA53580AA}.Debug|x64.ActiveCfg = Debug|x64
		{12802181-D0E0-43BC-ACDB-591FA53580AA}.Debug|x64.Build.0 = Debug|x64
		{12802181-D0E0-43BC-ACDB-591FA53580AA}.Debug|x86.ActiveCfg = Debug|Win32
		{12802181-D0E0-43BC-ACDB-591FA53580AA}.Debug|x86.Build.0 = Debug|Win32
		{12802181-D0E0-43BC-ACDB-591FA53580AA}.Release|x64.ActiveCfg = Release|x64
		{12802181-D0E0-43BC-ACDB-591FA53580AA}.Release|x64.Build.0 = Release|x64
		{12802181-D0E0-43BC-ACDB-591FA53580AA}.Release|x86.ActiveCfg = Release|Win32
		{12802181-D0E0-43BC-ACDB-591FA53580AA}.Release|x86.Build.0 = Release|Win32
		{547CEF2E-61C8-4323-9838-B1B93BB0638B}.Debug|x64.ActiveCfg = Debug|x64
		{547CEF2E-61C8-4323-9838-B1B93BB0638B}.Debug|x64.Build.0 = Debug|x64
		{547CEF2E-61C8-4323-9838-B1B93BB0638B}.Debug|x86.ActiveCfg = Debug|Win32
		{547CEF2E-61C8-4323-9838-B1B93BB0638B}.Debug|x86.Build.0 = Debug|Win32
		{547CEF2E-61C8-4323-9838-B1B93BB0638B}.Release|x64.ActiveCfg = Release|x64
		{547CEF2E-61C8-4323-9838-B1B93BB0638B}.Release|x64.Build.0 = Release|x64
		{547CEF2E-61C8-4323-9838-B1B93BB0638B}.Release|x86.ActiveCfg = Release|Win32
		{547CEF2E-61C8-4323-9838-B1B93BB0638B}.Release|x86.Build.0 = Release|Win32
		{8262A587-23C7-4F5C-9AA9-D5E4EB9A66FB}.Debug|x64.ActiveCfg = Debug|x64
		{8262A587-23C7-4F5C-9AA9-D5E4EB9A66FB}.Debug|x64.Build.0 = Debug|x64
		{8262A587-23C7-4F5C-9AA9-D5E4EB9A66FB}.Debug|x86.ActiveCfg = Debug|Win32
		{8262A587-23C7-4F5C-9AA9-D5E4EB9A66FB}.Debug|x86.Build.0 = Debug|Win32
		{8262A587-23C7-4F5C-9AA9-D5E4EB9A66FB}.Release|x64.ActiveCfg = Release|x64
		{8262A587-23C7-4F5C-9AA9-D5E4EB9A66FB}.Release|x64.Build.0 = Release|x64
		{8262A587-23C7-4F5C-9AA9-D5E4EB9A66FB}.Release|x86.ActiveCfg = Release|Win32
		{8262A587-23C7-4F5C-9AA9-D5E4EB9A66FB}.Release|x86.Build.0 = Release|Win32
		{3E205CED-2B43-45CF-8A03-64B320066878}.Debug|x64.ActiveCfg = Debug|x64
		{3E205CED-2B43-45CF-8A03-64B320066878}.Debug|x64.Build.0 = Debug|x64
		{3E205CED-2B43-45CF-8A03-64B320066878}.Debug|x86.ActiveCfg = Debug|Win32
		{3E205CED-2B43-45CF-8A03-64B320066878}.Debug|x86.Build.0 = Debug|Win32
		{3E205CED-2B43-45CF-8A03-64B320066878}.Release|x64.ActiveCfg = Release|x64
		{3E205CED-2B43-45CF-8A03-64B320066878}.Release|x64.Build.0 = Release|x64
		{3E205CED-2B43-45CF-8A03-64B320066878}.Release|x86.ActiveCfg = Release|Win32
		{3E205CED-2B43-45CF-8A03-64B320066878}.Release|x86.Build.0 = Release|Win32
		{6F289EAF-A957-402D-BE94-340408181CFB}.Debug|x64.ActiveCfg = Debug|x64
		{6F289EAF-A957-402D-BE94-340408181CFB}.Debug|x64.Build.0 = Debug|x64
		{6F289EAF-A957-402D-BE94-340408181CFB}.Debug|x86.ActiveCfg = Debug|Win32
		{6F289EAF-A957-402D-BE94-340408181CFB}.Debug|x86.Build.0 = Debug|Win32
		{6F289EAF-A957-402D-BE94-340408181CFB}.Release|x64.ActiveCfg = Release|x64
		{6F289EAF-A957-402D-BE94-340408181CFB}.Release|x64.Build.0 = Release|x64
		{6F289EAF-A957-402D-BE94-340408181CFB}.Release|x86.ActiveCfg = Release|Win32
		{6F289EAF-A957-402D-BE94-340408181CFB}.Release|x86.Build.0 = Release|Win32
		{5A502993-383F-4125-BF60-CBF4E93E8E9C}.Debug|x64.ActiveCfg = Debug|x64
		{5A502993-383F-4125-BF60-CBF4E93E8E9C}.Debug|x64.Build.0 = Debug|x64
		{5A502993-383F-4125-BF60-CBF4E93E8E9C}.Debug|x86.ActiveCfg = Debug|Win32
		{5A502993-383F-4125-BF60-CBF4E93E8E9C}.Debug|x86.Build.0 = Debug|Win32
		{5A502993-383F-4125-BF60-CBF4E93E8E9C}.Release|x64.ActiveCfg = Release|x64
		{5A502993-383F-4125-BF60-CBF4E93E8E9C}.Release|x64.Build.0 = Release|x64
		{5A502993-383F-4125-BF60-CBF4E93E8E9C}.Release|x86.ActiveCfg = Release|Win32
		{5A502993-383F-4125-BF60-CBF4E93E8E9C}.Release|x86.Build.0 = Release|Win32
		{8519D9FB-6FF3-438E-A159-D924DDC35BEF}.Debug|x64.ActiveCfg = Debug|x64
		{8519D9FB-6FF3-438E-A159-D924DDC35BEF}.Debug|x64.Build.0 = Debug|x64
		{8519D9FB-6FF3-438E-A159-D924DDC35BEF}.Debug|x86.ActiveCfg = Debug|Win32
		{8519D9FB-6FF3-438E-A159-D924DDC35BEF}.Debug|x86.Build.0 = Debug|Win32
		{8519D9FB-6FF3-438E-A159-D924DDC35BEF}.Release|x64.ActiveCfg = Release|x64
		{8519D9FB-6FF3-438E-A159-D924DDC35BEF}.Release|x64.Build.0 = Release|x64
		{8519D9FB-6FF3-438E-A159-D924DDC35BEF}.Release|x86.ActiveCfg = Release|Win32
		{8519D9FB-6FF3-438E-A159-D924DDC35BEF}.Release|x86.Build.0 = Release|Win32
		{E6ACB305-310E-4E0E-8F79-2C77DE870FB6}.Debug|x64.ActiveCfg = Debug|x64
		{E6ACB305-310E-4E0E-8F79-2C77DE870FB6}.Debug|x64.Build.0 = Debug|x64
		{E6ACB305-310E-4E0E-8F79-2C77DE870FB6}.Debug|x86.ActiveCfg = Debug|Win32
		{E6ACB305-310E-4E0E-8F79-2C77DE870FB6}.Debug|x86.Build.0 = Debug|Win32
		{E6ACB305-310E-4E0E-8F79-2C77DE870FB6}.Release|x64.ActiveCfg = Release|x64
		{E6ACB305-310E-4E0E-8F79-2C77DE870FB6}.Release|x64.Build.0 = Release|x64
		{E6ACB305-310E-4E0E-8F79-2C77DE870FB6}.Release|x86.ActiveCfg = Release|Win32
		{E6ACB305-310E-4E0E-8F79-2C77DE870FB6}.Release|x86.Build.0 = Release|Win32
		{17585A82-FEDA-4288-B301-EE7432C123CB}.Debug|x64.ActiveCfg = Debug|x64
		{17585A82-FEDA-4288-B301-EE7432C123CB}.Debug|x64.Build.0 = Debug|x64
		{17585A82-FEDA-4288-B301-EE7432C123CB}.Debug|x86.ActiveCfg = Debug|Win32
		{17585A82-FEDA-4288-B301-EE7432C123CB}.Debug|x86.Build.0 = Debug|Win32
		{17585A82-FEDA-4288-B301-EE7432C123CB}.Release|x64.ActiveCfg = Release|x64
		{17585A82-FEDA-4288-B301-EE7432C123CB}.Release|x64.Build.0 = Release|x64
		{17585A82-FEDA-4288-B301-EE7432C123CB}.Release|x86.ActiveCfg = Release|Win32
		{17585A82-FEDA-4288-B301-EE7432C123CB}.Release|x86.Build.0 = Release|Win32
		{87B10123-1F88-48C4-8C4C-82259847FF54}.Debug|x64.ActiveCfg = Debug|x64
		{87B10123-1F88-48C4-8C4C-82259847FF54}.Debug|x64.Build.0 = Debug|x64
		{87B10123-1F88-48C4-8C4C-82259847FF54}.Debug|x86.ActiveCfg = Debug|Win32
		{87B10123-1F88-48C4-8C4C-82259847FF54}.Debug|x86.Build.0 = Debug|Win32
		{87B10123-1F88-48C4-8C4C-82259847FF54}.Release|x64.ActiveCfg = Release|x64
		{87B10123-1F88-48C4-8C4C-82259847FF54}.Release|x64.Build.0 = Release|x64
		{87B10123-1F88-48C4-8C4C-82259847FF54}.Release|x86.ActiveCfg = Release|Win32
		{87B10123-1F88-48C4-8C4C-82259847FF54}.Release|x86.Build.0 = Release|Win32
		{225F566A-C9FC-4137-9CED-B760021C2742}.Debug|x64.ActiveCfg = Debug|x64
		{225F566A-C9FC-4137-9CED-B760021C2742}.Debug|x64.Build.0 = Debug|x64
		{225F566A-C9FC-4137-9CED-B760021C2742}.Debug|x86.ActiveCfg = Debug|Win32
		{225F566A-C9FC-4137-9CED-B760021C2742}.Debug|x86.Build.0 = Debug|Win32
		{225F566A-C9FC-4137-9CED-B760021C2742}.Release|x64.ActiveCfg = Release|x64
		{225F566A-C9FC-4137-9CED-B760021C2742}.Release|x64.Build.0 = Release|x64
		{225F566A-C9FC-4137-9CED-B760021C2742}.Release|x86.ActiveCfg = Release|Win32
		{225F566A-C9FC-4137-9CED-B760021C2742}.Release|x86.Build.0 = Release|Win32
		{B22B4FEE-9113-4B49-A6DA-5594BFE7AF4B}.Debug|x64.ActiveCfg = Debug|x64
		{B22B4FEE-9113-4B49-A6DA-5594BFE7AF4B}.Debug|x64.Build.0 = Debug|x64
		{B22B4FEE-9113-4B49-A6DA-5594BFE7AF4B}.Debug|x86.ActiveCfg = Debug|Win32
		{B22B4FEE-9113-4B49-A6DA-5594BFE7AF4B}.Debug|x86.Build.0 = Debug|Win32
		{B22B4FEE-9113-4B49-A6DA-5594BFE7AF4B}.Release|x64.ActiveCfg = Release|x64
		{B22B4FEE-9113-4B49-A6DA-5594BFE7AF4B}.Release|x64.Build.0 = Release|x64
		{B22B4FEE-9113-4B49-A6DA-5594BFE7AF4B}.Release|x86.ActiveCfg = Release|Win32
		{B22B4FEE-9113-4B49-A6DA-5594BFE7AF4B}.Release|x86.Build.0 = Release|Win32
		{23839604-B951-4068-8FEB-CF4FE2078396}.Debug|x64.ActiveCfg = Debug|x64
		{23839604-B951-4068-8FEB-CF4FE2078396}.Debug|x64.Build.0 = Debug|x64
		{23839604-B951-4068-8FEB-CF4FE2078396}.Debug|x86.ActiveCfg = Debug|Win32
		{23839604-B951-4068-8FEB-CF4FE2078396}.Debug|x86.Build.0 = Debug|Win32
		{23839604-B951-4068-8FEB-CF4FE2078396}.Release|x64.ActiveCfg = Release|x64
		{23839604-B951-4068-8FEB-CF4FE2078396}.Release|x64.Build.0 = Release|x64
		{23839604-B951-4068-8FEB-CF4FE2078396}.Release|x86.ActiveCfg = Release|Win32
		{23839604-B951-4068-8FEB-CF4FE2078396}.Release|x86.Build.0 = Release|Win32
		{3C537914-8371-4140-9B66-34BD4227C239}.Debug|x64.ActiveCfg = Debug|x64
		{3C537914-8371-4140-9B66-34BD4227C239}.Debug|x64.Build.0 = Debug|x64
		{3C537914-8371-4140-9B66-34BD4227C239}.Debug|x86.ActiveCfg = Debug|Win32
		{3C537914-8371-4140-9B66-34BD4227C239}.Debug|x86.Build.0 = Debug|Win32
		{3C537914-8371-4140-9B66-34BD4227C239}.Release|x64.ActiveCfg = Release|x64
		{3C537914-8371-4140-9B66-34BD4227C239}.Release|x64.Build.0 = Release|x64
		{3C537914-8371-4140-9B66-34BD4227C239}.Release|x86.ActiveCfg = Release|Win32
		{3C537914-8371-4140-9B66-34BD4227C239}.Release|x86.Build.0 = Release|Win32
		{FDC0B929-04C7-4210-92FB-9E70430F3A32}.Debug|x64.ActiveCfg = Debug|x64
		{FDC0B929-04C7-4210-92FB-9E70430F3A32}.Debug|x64.Build.0 = Debug|x64
		{FDC0B929-04C7-4210-92FB-9E70430F3A32}.Debug|x86.ActiveCfg = Debug|Win32
		{FDC0B929-04C7-4210-92FB-9E70430F3A32}.Debug|x86.Build.0 = Debug|Win32
		{FDC0B929-04C7-4210-92FB-9E70430F3A32}.Release|x64.ActiveCfg = Release|x64
		{FDC0B929-04C7-4210-92FB-9E70430F3A32}.Release|x64.Build.0 = Release|x64
		{FDC0B929-04C7-4210-92FB-9E70430F3A32}.Release|x86.ActiveCfg = Release|Win32
		{FDC0B929-04C7-4210-92FB-9E70430F3A32}.Release|x86.Build.0 = Release|Win32
	EndGlobalSection
	GlobalSection(SolutionProperties) = preSolution
		HideSolutionNode = FALSE
	EndGlobalSection
	GlobalSection(NestedProjects) = preSolution
		{12802181-D0E0-43BC-ACDB-591FA53580AA} = {3B02C55E-BD3B-4A78-80DC-7A8DC4162B92}
		{8262A587-23C7-4F5C-9AA9-D5E4EB9A66FB} = {3B02C55E-BD3B-4A78-80DC-7A8DC4162B92}
		{23839604-B951-4068-8FEB-CF4FE2078396} = {3B02C55E-BD3B-4A78-80DC-7A8DC4162B92}
		{3C537914-8371-4140-9B66-34BD4227C239} = {3B02C55E-BD3B-4A78-80DC-7A8DC4162B92}
	EndGlobalSection
	GlobalSection(ExtensibilityGlobals) = postSolution
		SolutionGuid = {E803CF39-25A2-44A7-8EEB-D95BC110B2BE}
	EndGlobalSection
EndGlobal
