<?xml version="1.0" encoding="utf-8"?>
<Project ToolsVersion="4.0" xmlns="http://schemas.microsoft.com/developer/msbuild/2003">
  <ItemGroup>
    <Filter Include="Source Files">
      <UniqueIdentifier>{34041b0f-11ed-443b-986a-3f2bff7cedea}</UniqueIdentifier>
      <Extensions>cpp;c;cxx;rc;def;r;odl;idl;hpj;bat</Extensions>
    </Filter>
    <Filter Include="Header Files">
      <UniqueIdentifier>{28fd3d6b-1fa8-4bea-b6bd-1ff82db4f234}</UniqueIdentifier>
      <Extensions>h;hpp;hxx;hm;inl</Extensions>
    </Filter>
    <Filter Include="Resource Files">
      <UniqueIdentifier>{026a0b8a-cf92-481d-ab5e-eac9b8e83547}</UniqueIdentifier>
      <Extensions>ico;cur;bmp;dlg;rc2;rct;bin;rgs;gif;jpg;jpeg;jpe</Extensions>
    </Filter>
  </ItemGroup>
  <ItemGroup>
    <ClCompile Include="DataBase.cpp">
      <Filter>Source Files</Filter>
    </ClCompile>
    <ClCompile Include="PressureMeter.cpp">
      <Filter>Source Files</Filter>
    </ClCompile>
    <ClCompile Include="PressureMeterDlg.cpp">
      <Filter>Source Files</Filter>
    </ClCompile>
    <ClCompile Include="PressureRs.cpp">
      <Filter>Source Files</Filter>
    </ClCompile>
    <ClCompile Include="StdAfx.cpp">
      <Filter>Source Files</Filter>
    </ClCompile>
    <ClCompile Include="trayicon.cpp">
      <Filter>Source Files</Filter>
    </ClCompile>
  </ItemGroup>
  <ItemGroup>
    <ResourceCompile Include="PressureMeter.rc">
      <Filter>Source Files</Filter>
    </ResourceCompile>
  </ItemGroup>
  <ItemGroup>
    <ClInclude Include="DataBase.h">
      <Filter>Header Files</Filter>
    </ClInclude>
    <ClInclude Include="..\..\common\gadgets\PluginLoader.h">
      <Filter>Header Files</Filter>
    </ClInclude>
    <ClInclude Include="PressureMeter.h">
      <Filter>Header Files</Filter>
    </ClInclude>
    <ClInclude Include="PressureMeterDlg.h">
      <Filter>Header Files</Filter>
    </ClInclude>
    <ClInclude Include="PressureRs.h">
      <Filter>Header Files</Filter>
    </ClInclude>
    <ClInclude Include="Resource.h">
      <Filter>Header Files</Filter>
    </ClInclude>
    <ClInclude Include="StdAfx.h">
      <Filter>Header Files</Filter>
    </ClInclude>
    <ClInclude Include="trayicon.h">
      <Filter>Header Files</Filter>
    </ClInclude>
  </ItemGroup>
  <ItemGroup>
    <Image Include="res\PressureMeter.ico">
      <Filter>Resource Files</Filter>
    </Image>
  </ItemGroup>
  <ItemGroup>
    <None Include="res\PressureMeter.rc2">
      <Filter>Resource Files</Filter>
    </None>
    <None Include="..\SetVersionInfo\SetVersionInfo.vcxproj" />
  </ItemGroup>
</Project>