<?xml version="1.0" encoding="utf-8"?>
<Project ToolsVersion="4.0" xmlns="http://schemas.microsoft.com/developer/msbuild/2003">
  <ItemGroup>
    <Filter Include="Source Files">
      <UniqueIdentifier>{c7a86e3a-88ff-4dd6-ae03-fca38df8298e}</UniqueIdentifier>
      <Extensions>cpp;c;cxx;rc;def;r;odl;idl;hpj;bat</Extensions>
    </Filter>
    <Filter Include="Header Files">
      <UniqueIdentifier>{a4004b34-9721-401e-8fb0-a483f24b3c91}</UniqueIdentifier>
      <Extensions>h;hpp;hxx;hm;inl</Extensions>
    </Filter>
    <Filter Include="Resource Files">
      <UniqueIdentifier>{00134eaf-9bf4-4c99-95c5-435ff8d6a9f5}</UniqueIdentifier>
      <Extensions>ico;cur;bmp;dlg;rc2;rct;bin;rgs;gif;jpg;jpeg;jpe</Extensions>
    </Filter>
  </ItemGroup>
  <ItemGroup>
    <ClCompile Include="ExtremumMeas.cpp">
      <Filter>Source Files</Filter>
    </ClCompile>
    <ClCompile Include="StdAfx.cpp">
      <Filter>Source Files</Filter>
    </ClCompile>
    <ClCompile Include="TVObjects.cpp">
      <Filter>Source Files</Filter>
    </ClCompile>
    <ClCompile Include="TVObjectsGadget.cpp">
      <Filter>Source Files</Filter>
    </ClCompile>
    <ClCompile Include="TVObjectsGadgetSetupDialog.cpp">
      <Filter>Source Files</Filter>
    </ClCompile>
    <ClCompile Include="VideoObjects.cpp">
      <Filter>Source Files</Filter>
    </ClCompile>
    <ClCompile Include="ViewModeOptionData.cpp">
      <Filter>Source Files</Filter>
    </ClCompile>
    <ClCompile Include="..\..\gadgets\common\imageproc\ocr\Crcgn.cpp">
      <Filter>Source Files</Filter>
    </ClCompile>
    <ClCompile Include="..\..\gadgets\common\imageproc\clusters\Segmentation.cpp">
      <Filter>Source Files</Filter>
    </ClCompile>
    <ClCompile Include="..\..\gadgets\common\imageproc\clusters\Clusters.cpp">
      <Filter>Source Files</Filter>
    </ClCompile>
    <ClCompile Include="SmallObjectsRemover.cpp">
      <Filter>Source Files</Filter>
    </ClCompile>
    <ClCompile Include="TVObjDataFrame.cpp">
      <Filter>Source Files</Filter>
    </ClCompile>
    <ClCompile Include="ProcessTVObjectsFrame.cpp">
      <Filter>Source Files</Filter>
    </ClCompile>
    <ClCompile Include="..\..\Common\helpers\internalwatcher.cpp">
      <Filter>Source Files</Filter>
    </ClCompile>
    <ClCompile Include="..\..\Common\helpers\FramesHelper.cpp">
      <Filter>Source Files</Filter>
    </ClCompile>
    <ClCompile Include="..\..\Common\Math\PlaneGeometry.cpp">
      <Filter>Source Files</Filter>
    </ClCompile>
    <ClCompile Include="..\..\Common\imageproc\ExtractVObjectResult.cpp">
      <Filter>Source Files</Filter>
    </ClCompile>
  </ItemGroup>
  <ItemGroup>
    <None Include="res\TVObjects.rc2">
      <Filter>Resource Files</Filter>
    </None>
    <None Include="res\1001.css" />
    <None Include="res\TVObjMeas_Help.mht" />
  </ItemGroup>
  <ItemGroup>
    <ResourceCompile Include="TVObjects.rc">
      <Filter>Source Files</Filter>
    </ResourceCompile>
  </ItemGroup>
  <ItemGroup>
    <ClInclude Include="ExtremumMeas.h">
      <Filter>Header Files</Filter>
    </ClInclude>
    <ClInclude Include="Resource.h">
      <Filter>Header Files</Filter>
    </ClInclude>
    <ClInclude Include="StdAfx.h">
      <Filter>Header Files</Filter>
    </ClInclude>
    <ClInclude Include="TVObjects.h">
      <Filter>Header Files</Filter>
    </ClInclude>
    <ClInclude Include="TVObjectsGadget.h">
      <Filter>Header Files</Filter>
    </ClInclude>
    <ClInclude Include="TVObjectsGadgetSetupDialog.h">
      <Filter>Header Files</Filter>
    </ClInclude>
    <ClInclude Include="VideoObjects.h">
      <Filter>Header Files</Filter>
    </ClInclude>
    <ClInclude Include="ViewModeOptionData.h">
      <Filter>Header Files</Filter>
    </ClInclude>
    <ClInclude Include="..\..\Common\imageproc\cut.h">
      <Filter>Header Files</Filter>
    </ClInclude>
    <ClInclude Include="..\..\gadgets\common\imageproc\LineData.h">
      <Filter>Header Files</Filter>
    </ClInclude>
    <ClInclude Include="..\..\gadgets\common\imageproc\rectangles.h">
      <Filter>Header Files</Filter>
    </ClInclude>
    <ClInclude Include="..\..\gadgets\common\imageproc\rotate.h">
      <Filter>Header Files</Filter>
    </ClInclude>
    <ClInclude Include="..\..\gadgets\common\imageproc\seekspots.h">
      <Filter>Header Files</Filter>
    </ClInclude>
    <ClInclude Include="..\..\Common\video\TVFrame.h">
      <Filter>Header Files</Filter>
    </ClInclude>
    <ClInclude Include="..\..\Common\video\videoformats.h">
      <Filter>Header Files</Filter>
    </ClInclude>
    <ClInclude Include="..\..\Common\video\Yuv9.h">
      <Filter>Header Files</Filter>
    </ClInclude>
    <ClInclude Include="..\..\Common\video\yuv411.h">
      <Filter>Header Files</Filter>
    </ClInclude>
    <ClInclude Include="..\..\Common\Math\Intf_sup.h">
      <Filter>Header Files</Filter>
    </ClInclude>
    <ClInclude Include="..\..\gadgets\common\imageproc\clusters\Segmentation.h">
      <Filter>Header Files</Filter>
    </ClInclude>
    <ClInclude Include="..\..\Common\classes\dpoint.h">
      <Filter>Header Files</Filter>
    </ClInclude>
    <ClInclude Include="..\..\Common\helpers\FramesHelper.h">
      <Filter>Header Files</Filter>
    </ClInclude>
    <ClInclude Include="..\..\Common\helpers\FXParser2.h">
      <Filter>Header Files</Filter>
    </ClInclude>
    <ClInclude Include="..\..\Common\helpers\internalwatcher.h">
      <Filter>Header Files</Filter>
    </ClInclude>
    <ClInclude Include="..\..\Common\fxfc\fxarrays.h">
      <Filter>Header Files</Filter>
    </ClInclude>
  </ItemGroup>
  <ItemGroup>
    <Text Include="ReadMe.txt" />
  </ItemGroup>
</Project>