<?xml version="1.0" encoding="utf-8"?>
<Project ToolsVersion="4.0" xmlns="http://schemas.microsoft.com/developer/msbuild/2003">
  <ItemGroup>
    <Filter Include="Source Files">
      <UniqueIdentifier>{b5946df3-489f-44e8-8e2b-f7182b8021f9}</UniqueIdentifier>
      <Extensions>cpp;c;cxx;rc;def;r;odl;idl;hpj;bat</Extensions>
    </Filter>
    <Filter Include="Header Files">
      <UniqueIdentifier>{0def0d1d-1b66-450d-a8c5-1b17da80a65f}</UniqueIdentifier>
      <Extensions>h;hpp;hxx;hm;inl</Extensions>
    </Filter>
    <Filter Include="Resource Files">
      <UniqueIdentifier>{5d6dba92-03eb-4047-add3-05fe7bc828cb}</UniqueIdentifier>
      <Extensions>ico;cur;bmp;dlg;rc2;rct;bin;rgs;gif;jpg;jpeg;jpe</Extensions>
    </Filter>
  </ItemGroup>
  <ItemGroup>
    <ClCompile Include="StdAfx.cpp">
      <Filter>Source Files</Filter>
    </ClCompile>
    <ClCompile Include="ZaberDriver.cpp">
      <Filter>Source Files</Filter>
    </ClCompile>
    <ClCompile Include="zaber_device.cpp">
      <Filter>Source Files</Filter>
    </ClCompile>
    <ClCompile Include="ZPacket.cpp">
      <Filter>Source Files</Filter>
    </ClCompile>
    <ClCompile Include="ZCommandsRepository.cpp">
      <Filter>Source Files</Filter>
    </ClCompile>
    <ClCompile Include="ZCommandHeader.cpp">
      <Filter>Source Files</Filter>
    </ClCompile>
    <ClCompile Include="ZUtils.cpp">
      <Filter>Source Files</Filter>
    </ClCompile>
    <ClCompile Include="ZGadgetSender.cpp">
      <Filter>Source Files</Filter>
    </ClCompile>
    <ClCompile Include="ZGadgetReceiver.cpp">
      <Filter>Source Files</Filter>
    </ClCompile>
    <ClCompile Include="ZGadgetBase.cpp">
      <Filter>Source Files</Filter>
    </ClCompile>
    <ClCompile Include="ZCommandFactory.cpp">
      <Filter>Source Files</Filter>
    </ClCompile>
    <ClCompile Include="ZCommandBase.cpp">
      <Filter>Source Files</Filter>
    </ClCompile>
    <ClCompile Include="ZCommandPosition.cpp">
      <Filter>Source Files</Filter>
    </ClCompile>
    <ClCompile Include="ZDeviceSettings.cpp">
      <Filter>Source Files</Filter>
    </ClCompile>
    <ClCompile Include="ZDeviceBase.cpp">
      <Filter>Source Files</Filter>
    </ClCompile>
    <ClCompile Include="ZDevicesRepository.cpp">
      <Filter>Source Files</Filter>
    </ClCompile>
  </ItemGroup>
  <ItemGroup>
    <None Include="zaber_device_DEMO.tvg" />
    <None Include="res\zaber_device.rc2">
      <Filter>Resource Files</Filter>
    </None>
    <None Include="res\zaber_device_basics.mht" />
  </ItemGroup>
  <ItemGroup>
    <ClInclude Include="StdAfx.h">
      <Filter>Header Files</Filter>
    </ClInclude>
    <ClInclude Include="Resource.h">
      <Filter>Header Files</Filter>
    </ClInclude>
    <ClInclude Include="ZaberDriver.h">
      <Filter>Header Files</Filter>
    </ClInclude>
    <ClInclude Include="zaber_device.h">
      <Filter>Header Files</Filter>
    </ClInclude>
    <ClInclude Include="ZPacket.h">
      <Filter>Header Files</Filter>
    </ClInclude>
    <ClInclude Include="ZCommandHeader.h">
      <Filter>Header Files</Filter>
    </ClInclude>
    <ClInclude Include="ZCommandsHeadersRepository.h">
      <Filter>Header Files</Filter>
    </ClInclude>
    <ClInclude Include="ZUtils.h">
      <Filter>Header Files</Filter>
    </ClInclude>
    <ClInclude Include="ZGadgetReceiver.h">
      <Filter>Header Files</Filter>
    </ClInclude>
    <ClInclude Include="ZGadgetSender.h">
      <Filter>Header Files</Filter>
    </ClInclude>
    <ClInclude Include="ZGadgetBase.h">
      <Filter>Header Files</Filter>
    </ClInclude>
    <ClInclude Include="ZData.h">
      <Filter>Header Files</Filter>
    </ClInclude>
    <ClInclude Include="ZCommandFactory.h">
      <Filter>Header Files</Filter>
    </ClInclude>
    <ClInclude Include="ZCommandBase.h">
      <Filter>Header Files</Filter>
    </ClInclude>
    <ClInclude Include="ZCommandPosition.h">
      <Filter>Header Files</Filter>
    </ClInclude>
    <ClInclude Include="ZDeviceSettings.h">
      <Filter>Header Files</Filter>
    </ClInclude>
    <ClInclude Include="ZDeviceBase.h">
      <Filter>Header Files</Filter>
    </ClInclude>
    <ClInclude Include="ZDevicesRepository.h">
      <Filter>Header Files</Filter>
    </ClInclude>
  </ItemGroup>
  <ItemGroup>
    <ResourceCompile Include="zaber_device.rc">
      <Filter>Source Files</Filter>
    </ResourceCompile>
  </ItemGroup>
</Project>