<?xml version="1.0" encoding="utf-8"?>
<Project ToolsVersion="4.0" xmlns="http://schemas.microsoft.com/developer/msbuild/2003">
  <ItemGroup>
    <Filter Include="Source Files">
      <UniqueIdentifier>{adb226b9-29f9-481f-894c-89c8e2dd2250}</UniqueIdentifier>
      <Extensions>cpp;c;cxx;rc;def;r;odl;idl;hpj;bat</Extensions>
    </Filter>
    <Filter Include="Header Files">
      <UniqueIdentifier>{5e66caf8-0c8b-4c78-986b-456c4757669c}</UniqueIdentifier>
      <Extensions>h;hpp;hxx;hm;inl</Extensions>
    </Filter>
    <Filter Include="Resource Files">
      <UniqueIdentifier>{73b480ea-5930-4a7d-a092-1126a1331fcf}</UniqueIdentifier>
      <Extensions>ico;cur;bmp;dlg;rc2;rct;bin;rgs;gif;jpg;jpeg;jpe</Extensions>
    </Filter>
  </ItemGroup>
  <ItemGroup>
    <ClCompile Include="crossbar.cpp">
      <Filter>Source Files</Filter>
    </ClCompile>
    <ClCompile Include="..\..\common\helpers\Hic.cpp">
      <Filter>Source Files</Filter>
    </ClCompile>
    <ClCompile Include="StdAfx.cpp">
      <Filter>Source Files</Filter>
    </ClCompile>
    <ClCompile Include="VFilter.cpp">
      <Filter>Source Files</Filter>
    </ClCompile>
    <ClCompile Include="WDM.cpp">
      <Filter>Source Files</Filter>
    </ClCompile>
    <ClCompile Include="WDMCaptureGadget.cpp">
      <Filter>Source Files</Filter>
    </ClCompile>
    <ClCompile Include="WdmSetup.cpp">
      <Filter>Source Files</Filter>
    </ClCompile>
    <ClCompile Include="enum.c">
      <Filter>Source Files</Filter>
    </ClCompile>
    <ClCompile Include="devnode.c">
      <Filter>Source Files</Filter>
    </ClCompile>
  </ItemGroup>
  <ItemGroup>
    <None Include="res\WDM.rc2">
      <Filter>Resource Files</Filter>
    </None>
    <None Include="res\10001.htm" />
    <None Include="res\1001.css" />
  </ItemGroup>
  <ItemGroup>
    <ResourceCompile Include="WDM.rc">
      <Filter>Source Files</Filter>
    </ResourceCompile>
  </ItemGroup>
  <ItemGroup>
    <ClInclude Include="crossbar.h">
      <Filter>Header Files</Filter>
    </ClInclude>
    <ClInclude Include="..\..\..\common\habitat.h">
      <Filter>Header Files</Filter>
    </ClInclude>
    <ClInclude Include="..\..\common\helpers\Hic.h">
      <Filter>Header Files</Filter>
    </ClInclude>
    <ClInclude Include="Resource.h">
      <Filter>Header Files</Filter>
    </ClInclude>
    <ClInclude Include="StdAfx.h">
      <Filter>Header Files</Filter>
    </ClInclude>
    <ClInclude Include="VFilter.h">
      <Filter>Header Files</Filter>
    </ClInclude>
    <ClInclude Include="WDM.h">
      <Filter>Header Files</Filter>
    </ClInclude>
    <ClInclude Include="WDMCaptureGadget.h">
      <Filter>Header Files</Filter>
    </ClInclude>
    <ClInclude Include="WdmSetup.h">
      <Filter>Header Files</Filter>
    </ClInclude>
    <ClInclude Include="..\..\..\Common\video\stdcodec.h">
      <Filter>Source Files</Filter>
    </ClInclude>
    <ClInclude Include="usbviddesc.h">
      <Filter>Header Files</Filter>
    </ClInclude>
    <ClInclude Include="usbdesc.h">
      <Filter>Header Files</Filter>
    </ClInclude>
    <ClInclude Include="uvcview.h">
      <Filter>Header Files</Filter>
    </ClInclude>
  </ItemGroup>
  <ItemGroup>
    <Image Include="res\GIFS\12001.gif">
      <Filter>Resource Files</Filter>
    </Image>
  </ItemGroup>
</Project>