<?xml version="1.0" encoding="utf-8"?>
<Project ToolsVersion="4.0" xmlns="http://schemas.microsoft.com/developer/msbuild/2003">
  <ItemGroup>
    <Filter Include="Source Files">
      <UniqueIdentifier>{3730d9b8-1c49-49bd-a052-e2838be3f21a}</UniqueIdentifier>
      <Extensions>cpp;c;cxx;rc;def;r;odl;idl;hpj;bat</Extensions>
    </Filter>
    <Filter Include="Header Files">
      <UniqueIdentifier>{1f7b8a46-e618-4f61-b8b8-6f770e29e4ce}</UniqueIdentifier>
      <Extensions>h;hpp;hxx;hm;inl</Extensions>
    </Filter>
    <Filter Include="Resource Files">
      <UniqueIdentifier>{806d1146-0e00-4976-8fa4-48514dcd2895}</UniqueIdentifier>
      <Extensions>ico;cur;bmp;dlg;rc2;rct;bin;rgs;gif;jpg;jpeg;jpe</Extensions>
    </Filter>
  </ItemGroup>
  <ItemGroup>
    <ClCompile Include="..\..\gadgets\common\imageproc\Averager.cpp">
      <Filter>Source Files</Filter>
    </ClCompile>
    <ClCompile Include="..\..\gadgets\common\files\AviFile.cpp">
      <Filter>Source Files</Filter>
    </ClCompile>
    <ClCompile Include="AviFrameList.cpp">
      <Filter>Source Files</Filter>
    </ClCompile>
    <ClCompile Include="..\..\gadgets\common\files\AviStream.cpp">
      <Filter>Source Files</Filter>
    </ClCompile>
    <ClCompile Include="..\..\gadgets\common\files\AviTextStream.cpp">
      <Filter>Source Files</Filter>
    </ClCompile>
    <ClCompile Include="..\..\gadgets\common\files\AviVideoStream.cpp">
      <Filter>Source Files</Filter>
    </ClCompile>
    <ClCompile Include="..\common\recognition\BarcodeRd.cpp">
      <Filter>Source Files</Filter>
    </ClCompile>
    <ClCompile Include="..\..\gadgets\common\imageproc\clusters\Clusters.cpp">
      <Filter>Source Files</Filter>
    </ClCompile>
    <ClCompile Include="Code128Reader.cpp">
      <Filter>Source Files</Filter>
    </ClCompile>
    <ClCompile Include="Code39Reader.cpp">
      <Filter>Source Files</Filter>
    </ClCompile>
    <ClCompile Include="..\common\UserInterface\DataView.cpp">
      <Filter>Source Files</Filter>
    </ClCompile>
    <ClCompile Include="DiffrerenceView.cpp">
      <Filter>Source Files</Filter>
    </ClCompile>
    <ClCompile Include="DispDlg.cpp">
      <Filter>Source Files</Filter>
    </ClCompile>
    <ClCompile Include="FeatureDetectorDsp.cpp">
      <Filter>Source Files</Filter>
    </ClCompile>
    <ClCompile Include="..\..\gadgets\common\files\FileList.cpp">
      <Filter>Source Files</Filter>
    </ClCompile>
    <ClCompile Include="HistogramView.cpp">
      <Filter>Source Files</Filter>
    </ClCompile>
    <ClCompile Include="..\common\ImageProc\MotionDetector.cpp">
      <Filter>Source Files</Filter>
    </ClCompile>
    <ClCompile Include="..\..\gadgets\common\files\SrcList.cpp">
      <Filter>Source Files</Filter>
    </ClCompile>
    <ClCompile Include="StdAfx.cpp">
      <Filter>Source Files</Filter>
    </ClCompile>
    <ClCompile Include="Tuner.cpp">
      <Filter>Source Files</Filter>
    </ClCompile>
    <ClCompile Include="TunerDlg.cpp">
      <Filter>Source Files</Filter>
    </ClCompile>
    <ClCompile Include="UPCReaderDsp.cpp">
      <Filter>Source Files</Filter>
    </ClCompile>
    <ClCompile Include="..\..\Common\helpers\regkeys.cpp">
      <Filter>Source Files</Filter>
    </ClCompile>
    <ClCompile Include="..\..\Common\files\filefilter.cpp">
      <Filter>Source Files</Filter>
    </ClCompile>
  </ItemGroup>
  <ItemGroup>
    <ClInclude Include="Code39Reader.h">
      <Filter>Source Files</Filter>
    </ClInclude>
    <ClInclude Include="AviFrameList.h">
      <Filter>Header Files</Filter>
    </ClInclude>
    <ClInclude Include="..\common\recognition\BarcodeRd.h">
      <Filter>Header Files</Filter>
    </ClInclude>
    <ClInclude Include="Code128Reader.h">
      <Filter>Header Files</Filter>
    </ClInclude>
    <ClInclude Include="..\common\UserInterface\DataView.h">
      <Filter>Header Files</Filter>
    </ClInclude>
    <ClInclude Include="DiffrerenceView.h">
      <Filter>Header Files</Filter>
    </ClInclude>
    <ClInclude Include="DispDlg.h">
      <Filter>Header Files</Filter>
    </ClInclude>
    <ClInclude Include="FeatureDetectorDsp.h">
      <Filter>Header Files</Filter>
    </ClInclude>
    <ClInclude Include="HistogramView.h">
      <Filter>Header Files</Filter>
    </ClInclude>
    <ClInclude Include="..\common\helpers\RegKeys.h">
      <Filter>Header Files</Filter>
    </ClInclude>
    <ClInclude Include="..\..\common\ImageProc\resample.h">
      <Filter>Header Files</Filter>
    </ClInclude>
    <ClInclude Include="Resource.h">
      <Filter>Header Files</Filter>
    </ClInclude>
    <ClInclude Include="..\common\files\SrcList.h">
      <Filter>Header Files</Filter>
    </ClInclude>
    <ClInclude Include="StdAfx.h">
      <Filter>Header Files</Filter>
    </ClInclude>
    <ClInclude Include="Tuner.h">
      <Filter>Header Files</Filter>
    </ClInclude>
    <ClInclude Include="TunerDlg.h">
      <Filter>Header Files</Filter>
    </ClInclude>
    <ClInclude Include="..\..\common\TVFrame.h">
      <Filter>Header Files</Filter>
    </ClInclude>
    <ClInclude Include="UPCReaderDsp.h">
      <Filter>Header Files</Filter>
    </ClInclude>
    <ClInclude Include="..\..\common\ImageProc\videologic.h">
      <Filter>Header Files</Filter>
    </ClInclude>
    <ClInclude Include="..\..\gadgets\common\files\avifile.h">
      <Filter>Header Files</Filter>
    </ClInclude>
    <ClInclude Include="..\..\gadgets\common\files\avivideostream.h">
      <Filter>Header Files</Filter>
    </ClInclude>
    <ClInclude Include="..\..\gadgets\common\files\avistream.h">
      <Filter>Header Files</Filter>
    </ClInclude>
    <ClInclude Include="..\..\gadgets\common\files\avitextstream.h">
      <Filter>Header Files</Filter>
    </ClInclude>
    <ClInclude Include="..\..\gadgets\common\files\filelist.h">
      <Filter>Header Files</Filter>
    </ClInclude>
    <ClInclude Include="..\..\gadgets\common\files\filefilter.h">
      <Filter>Header Files</Filter>
    </ClInclude>
    <ClInclude Include="..\..\gadgets\common\files\imgfiles.h">
      <Filter>Header Files</Filter>
    </ClInclude>
    <ClInclude Include="..\..\gadgets\common\imageproc\clusters\Clusters.h">
      <Filter>Header Files</Filter>
    </ClInclude>
    <ClInclude Include="..\..\gadgets\barcodes\common\imageproc\recognition\decode128.h">
      <Filter>Header Files</Filter>
    </ClInclude>
    <ClInclude Include="..\..\gadgets\barcodes\common\imageproc\recognition\decode39.h">
      <Filter>Header Files</Filter>
    </ClInclude>
    <ClInclude Include="..\..\gadgets\barcodes\common\imageproc\recognition\decodeupc.h">
      <Filter>Header Files</Filter>
    </ClInclude>
    <ClInclude Include="..\..\common\imageproc\dibutils.h">
      <Filter>Header Files</Filter>
    </ClInclude>
    <ClInclude Include="..\common\ImageProc\MotionDetector.h">
      <Filter>Header Files</Filter>
    </ClInclude>
    <ClInclude Include="..\..\gadgets\common\imageproc\recognition\htriggerbin.h">
      <Filter>Header Files</Filter>
    </ClInclude>
  </ItemGroup>
  <ItemGroup>
    <ResourceCompile Include="Tuner.rc">
      <Filter>Source Files</Filter>
    </ResourceCompile>
  </ItemGroup>
  <ItemGroup>
    <Image Include="res\Tuner.ico">
      <Filter>Resource Files</Filter>
    </Image>
  </ItemGroup>
  <ItemGroup>
    <None Include="res\Tuner.rc2">
      <Filter>Resource Files</Filter>
    </None>
  </ItemGroup>
</Project>