<?xml version="1.0" encoding="utf-8"?>
<Project ToolsVersion="4.0" xmlns="http://schemas.microsoft.com/developer/msbuild/2003">
  <ItemGroup>
    <Filter Include="Source Files">
      <UniqueIdentifier>{1b44f804-53e6-4caf-8da5-83e52e82b7d4}</UniqueIdentifier>
      <Extensions>cpp;c;cxx;rc;def;r;odl;idl;hpj;bat</Extensions>
    </Filter>
    <Filter Include="Header Files">
      <UniqueIdentifier>{1dad0b05-de8a-432c-9789-14bac8a302df}</UniqueIdentifier>
      <Extensions>h;hpp;hxx;hm;inl</Extensions>
    </Filter>
    <Filter Include="Resource Files">
      <UniqueIdentifier>{ad6fafe6-f1e8-46fd-ae17-b9cffcc873f0}</UniqueIdentifier>
      <Extensions>ico;cur;bmp;dlg;rc2;rct;bin;rgs;gif;jpg;jpeg;jpe</Extensions>
    </Filter>
  </ItemGroup>
  <ItemGroup>
    <ClCompile Include="Amplifier.cpp">
      <Filter>Source Files</Filter>
    </ClCompile>
    <ClCompile Include="BLogic.cpp">
      <Filter>Source Files</Filter>
    </ClCompile>
    <ClCompile Include="simplelogic.cpp">
      <Filter>Source Files</Filter>
    </ClCompile>
    <ClCompile Include="StdAfx.cpp">
      <Filter>Source Files</Filter>
    </ClCompile>
    <ClCompile Include="Trigger.cpp">
      <Filter>Source Files</Filter>
    </ClCompile>
  </ItemGroup>
  <ItemGroup>
    <None Include="res\BLogic.rc2">
      <Filter>Resource Files</Filter>
    </None>
    <None Include="res\10000.htm" />
    <None Include="res\1001.css" />
    <None Include="res\Amplifier.mht" />
    <None Include="res\CB_Not.mht" />
  </ItemGroup>
  <ItemGroup>
    <ResourceCompile Include="BLogic.rc">
      <Filter>Source Files</Filter>
    </ResourceCompile>
  </ItemGroup>
  <ItemGroup>
    <ClInclude Include="Amplifier.h">
      <Filter>Header Files</Filter>
    </ClInclude>
    <ClInclude Include="BLogic.h">
      <Filter>Header Files</Filter>
    </ClInclude>
    <ClInclude Include="Resource.h">
      <Filter>Header Files</Filter>
    </ClInclude>
    <ClInclude Include="simplelogic.h">
      <Filter>Header Files</Filter>
    </ClInclude>
    <ClInclude Include="StdAfx.h">
      <Filter>Header Files</Filter>
    </ClInclude>
    <ClInclude Include="Trigger.h">
      <Filter>Header Files</Filter>
    </ClInclude>
  </ItemGroup>
  <ItemGroup>
    <Image Include="res\GIFS\10001.gif">
      <Filter>Resource Files</Filter>
    </Image>
  </ItemGroup>
</Project>