<?xml version="1.0" encoding="utf-8"?>
<Project ToolsVersion="4.0" xmlns="http://schemas.microsoft.com/developer/msbuild/2003">
  <ItemGroup>
    <Filter Include="Source Files">
      <UniqueIdentifier>{4FC737F1-C7A5-4376-A066-2A32D752A2FF}</UniqueIdentifier>
      <Extensions>cpp;c;cc;cxx;def;odl;idl;hpj;bat;asm;asmx</Extensions>
    </Filter>
    <Filter Include="Header Files">
      <UniqueIdentifier>{93995380-89BD-4b04-88EB-625FBE52EBFB}</UniqueIdentifier>
      <Extensions>h;hpp;hxx;hm;inl;inc;xsd</Extensions>
    </Filter>
    <Filter Include="Resource Files">
      <UniqueIdentifier>{67DA6AB6-F800-4c08-8B7A-83BB121AAD01}</UniqueIdentifier>
      <Extensions>rc;ico;cur;bmp;dlg;rc2;rct;bin;rgs;gif;jpg;jpeg;jpe;resx;tiff;tif;png;wav</Extensions>
    </Filter>
  </ItemGroup>
  <ItemGroup>
    <ClCompile Include="FXException.cpp">
      <Filter>Source Files</Filter>
    </ClCompile>
    <ClCompile Include="fxext.cpp">
      <Filter>Source Files</Filter>
    </ClCompile>
    <ClCompile Include="FXFC.cpp">
      <Filter>Source Files</Filter>
    </ClCompile>
    <ClCompile Include="fxfile.cpp">
      <Filter>Source Files</Filter>
    </ClCompile>
    <ClCompile Include="fxfilefind.cpp">
      <Filter>Source Files</Filter>
    </ClCompile>
    <ClCompile Include="FXGraphMsgQueue.cpp">
      <Filter>Source Files</Filter>
    </ClCompile>
    <ClCompile Include="FXMapPtrToPtr.cpp">
      <Filter>Source Files</Filter>
    </ClCompile>
    <ClCompile Include="fxmodules.cpp">
      <Filter>Source Files</Filter>
    </ClCompile>
    <ClCompile Include="FXParser.cpp">
      <Filter>Source Files</Filter>
    </ClCompile>
    <ClCompile Include="FXPlex.cpp">
      <Filter>Source Files</Filter>
    </ClCompile>
    <ClCompile Include="fxstrings.cpp">
      <Filter>Source Files</Filter>
    </ClCompile>
    <ClCompile Include="fxtime.cpp">
      <Filter>Source Files</Filter>
    </ClCompile>
    <ClCompile Include="fxtimer.cpp">
      <Filter>Source Files</Filter>
    </ClCompile>
    <ClCompile Include="fxtimerstatics.cpp">
      <Filter>Source Files</Filter>
    </ClCompile>
    <ClCompile Include="FXWorker.cpp">
      <Filter>Source Files</Filter>
    </ClCompile>
    <ClCompile Include="instancecntr.cpp">
      <Filter>Source Files</Filter>
    </ClCompile>
    <ClCompile Include="lasterr2mes.cpp">
      <Filter>Source Files</Filter>
    </ClCompile>
    <ClCompile Include="..\common\helpers\lockobject.cpp">
      <Filter>Source Files</Filter>
    </ClCompile>
    <ClCompile Include="..\common\helpers\propkit.cpp">
      <Filter>Source Files</Filter>
    </ClCompile>
    <ClCompile Include="stdafx.cpp">
      <Filter>Source Files</Filter>
    </ClCompile>
    <ClCompile Include="FXLoggerToFile.cpp">
      <Filter>Source Files</Filter>
    </ClCompile>
    <ClCompile Include="FXRegistry.cpp">
      <Filter>Source Files</Filter>
    </ClCompile>
    <ClCompile Include="..\..\Common\fxfc\CSystemMonitorsEnumerator.cpp">
      <Filter>Source Files</Filter>
    </ClCompile>
    <ClCompile Include="FXBufferManager.cpp">
      <Filter>Source Files</Filter>
    </ClCompile>
    <ClCompile Include="FXAsyncFile.cpp">
      <Filter>Source Files</Filter>
    </ClCompile>
  </ItemGroup>
  <ItemGroup>
    <ClInclude Include="..\..\common\fxfc\fxarrays.h">
      <Filter>Header Files</Filter>
    </ClInclude>
    <ClInclude Include="..\..\common\fxfc\fxexception.h">
      <Filter>Header Files</Filter>
    </ClInclude>
    <ClInclude Include="..\..\common\fxfc\fxext.h">
      <Filter>Header Files</Filter>
    </ClInclude>
    <ClInclude Include="..\..\common\fxfc\fxfc.h">
      <Filter>Header Files</Filter>
    </ClInclude>
    <ClInclude Include="..\..\common\fxfc\fxfile.h">
      <Filter>Header Files</Filter>
    </ClInclude>
    <ClInclude Include="..\..\common\fxfc\fxfilefind.h">
      <Filter>Header Files</Filter>
    </ClInclude>
    <ClInclude Include="..\..\common\fxfc\fxgraphmsgqueue.h">
      <Filter>Header Files</Filter>
    </ClInclude>
    <ClInclude Include="..\..\common\fxfc\fxlogsystem.h">
      <Filter>Header Files</Filter>
    </ClInclude>
    <ClInclude Include="..\..\common\fxfc\fxmapptrtoptr.h">
      <Filter>Header Files</Filter>
    </ClInclude>
    <ClInclude Include="fxmodules.h">
      <Filter>Header Files</Filter>
    </ClInclude>
    <ClInclude Include="..\..\common\fxfc\fxparser.h">
      <Filter>Header Files</Filter>
    </ClInclude>
    <ClInclude Include="..\..\common\fxfc\fxplex.h">
      <Filter>Header Files</Filter>
    </ClInclude>
    <ClInclude Include="..\..\common\fxfc\fxstrings.h">
      <Filter>Header Files</Filter>
    </ClInclude>
    <ClInclude Include="..\..\common\fxfc\fxtime.h">
      <Filter>Header Files</Filter>
    </ClInclude>
    <ClInclude Include="..\..\common\fxfc\fxtimer.h">
      <Filter>Header Files</Filter>
    </ClInclude>
    <ClInclude Include="..\..\common\fxfc\fxworker.h">
      <Filter>Header Files</Filter>
    </ClInclude>
    <ClInclude Include="..\..\common\fxfc\instancecntr.h">
      <Filter>Header Files</Filter>
    </ClInclude>
    <ClInclude Include="..\..\common\fxfc\lasterr2mes.h">
      <Filter>Header Files</Filter>
    </ClInclude>
    <ClInclude Include="..\..\common\fxfc\lockobject.h">
      <Filter>Header Files</Filter>
    </ClInclude>
    <ClInclude Include="..\..\common\fxfc\LockPtrArray.h">
      <Filter>Header Files</Filter>
    </ClInclude>
    <ClInclude Include="..\..\common\fxfc\propertykit.h">
      <Filter>Header Files</Filter>
    </ClInclude>
    <ClInclude Include="resource.h">
      <Filter>Header Files</Filter>
    </ClInclude>
    <ClInclude Include="..\..\common\fxfc\staticqueue.h">
      <Filter>Header Files</Filter>
    </ClInclude>
    <ClInclude Include="stdafx.h">
      <Filter>Header Files</Filter>
    </ClInclude>
    <ClInclude Include="targetver.h">
      <Filter>Header Files</Filter>
    </ClInclude>
    <ClInclude Include="FXLoggerToFile.h">
      <Filter>Header Files</Filter>
    </ClInclude>
    <ClInclude Include="..\..\Common\Math\hbmath.h">
      <Filter>Header Files</Filter>
    </ClInclude>
    <ClInclude Include="..\..\Common\fxfc\CSystemMonitorsEnumerator.h">
      <Filter>Header Files</Filter>
    </ClInclude>
    <ClInclude Include="FXBufferManager.h">
      <Filter>Header Files</Filter>
    </ClInclude>
    <ClInclude Include="..\..\Common\fxfc\FXAsyncFile.h">
      <Filter>Header Files</Filter>
    </ClInclude>
  </ItemGroup>
  <ItemGroup>
    <ResourceCompile Include="FXFC.rc">
      <Filter>Resource Files</Filter>
    </ResourceCompile>
  </ItemGroup>
  <ItemGroup>
    <Text Include="ReadMe.txt" />
  </ItemGroup>
</Project>