<?xml version="1.0" encoding="utf-8"?>
<Project ToolsVersion="4.0" xmlns="http://schemas.microsoft.com/developer/msbuild/2003">
  <ItemGroup>
    <Filter Include="Source Files">
      <UniqueIdentifier>{c98bd6b1-a75b-41ed-ab99-34eae14aab9a}</UniqueIdentifier>
      <Extensions>cpp;c;cxx;rc;def;r;odl;idl;hpj;bat</Extensions>
    </Filter>
    <Filter Include="Header Files">
      <UniqueIdentifier>{f7cdba2a-fc6a-4347-be95-502b8e1597aa}</UniqueIdentifier>
      <Extensions>h;hpp;hxx;hm;inl</Extensions>
    </Filter>
    <Filter Include="Resource Files">
      <UniqueIdentifier>{10983ef4-7c9c-4b72-a397-73f4b51526bf}</UniqueIdentifier>
      <Extensions>ico;cur;bmp;dlg;rc2;rct;bin;rgs;gif;jpg;jpeg;jpe</Extensions>
    </Filter>
  </ItemGroup>
  <ItemGroup>
    <ClCompile Include="affinitydlg.cpp">
      <Filter>Source Files</Filter>
    </ClCompile>
    <ClCompile Include="..\common\security\basesecurity.cpp">
      <Filter>Source Files</Filter>
    </ClCompile>
    <ClCompile Include="DebugEnvelopDlg.cpp">
      <Filter>Source Files</Filter>
    </ClCompile>
    <ClCompile Include="DebugRender.cpp">
      <Filter>Source Files</Filter>
    </ClCompile>
    <ClCompile Include="DebugViewDlg.cpp">
      <Filter>Source Files</Filter>
    </ClCompile>
    <ClCompile Include="DragDrop.cpp">
      <Filter>Source Files</Filter>
    </ClCompile>
    <ClCompile Include="FloatWnd.cpp">
      <Filter>Source Files</Filter>
    </ClCompile>
    <ClCompile Include="FloatWndManager.cpp">
      <Filter>Source Files</Filter>
    </ClCompile>
    <ClCompile Include="GadgetsDockbar.cpp">
      <Filter>Source Files</Filter>
    </ClCompile>
    <ClCompile Include="GadgetsTree.cpp">
      <Filter>Source Files</Filter>
    </ClCompile>
    <ClCompile Include="GadgetsTreeDlg.cpp">
      <Filter>Source Files</Filter>
    </ClCompile>
    <ClCompile Include="Graph.cpp">
      <Filter>Source Files</Filter>
    </ClCompile>
    <ClCompile Include="GraphComposer.cpp">
      <Filter>Source Files</Filter>
    </ClCompile>
    <ClCompile Include="GraphTreeComposer.cpp">
      <Filter>Source Files</Filter>
    </ClCompile>
    <ClCompile Include="HelpDialog.cpp">
      <Filter>Source Files</Filter>
    </ClCompile>
    <ClCompile Include="HelpView.cpp">
      <Filter>Source Files</Filter>
    </ClCompile>
    <ClCompile Include="InsertMonitorDlg.cpp">
      <Filter>Source Files</Filter>
    </ClCompile>
    <ClCompile Include="RenderViewFrame.cpp">
      <Filter>Source Files</Filter>
    </ClCompile>
    <ClCompile Include="SelectGadgetClassDlg.cpp">
      <Filter>Source Files</Filter>
    </ClCompile>
    <ClCompile Include="SimpleEnterDlg.cpp">
      <Filter>Source Files</Filter>
    </ClCompile>
    <ClCompile Include="SketchView.cpp">
      <Filter>Source Files</Filter>
    </ClCompile>
    <ClCompile Include="SketchViewMod.cpp">
      <Filter>Source Files</Filter>
    </ClCompile>
    <ClCompile Include="..\common\userinterface\staticframe.cpp">
      <Filter>Source Files</Filter>
    </ClCompile>
    <ClCompile Include="StdAfx.cpp">
      <Filter>Source Files</Filter>
    </ClCompile>
    <ClCompile Include="StringTree.cpp">
      <Filter>Source Files</Filter>
    </ClCompile>
    <ClCompile Include="TiedDebugRender.cpp">
      <Filter>Source Files</Filter>
    </ClCompile>
    <ClCompile Include="tview.cpp">
      <Filter>Source Files</Filter>
    </ClCompile>
    <ClCompile Include="TVToolTip.cpp">
      <Filter>Source Files</Filter>
    </ClCompile>
    <ClCompile Include="UndoManager.cpp">
      <Filter>Source Files</Filter>
    </ClCompile>
    <ClCompile Include="..\common\userinterface\WorkspaceBar.cpp">
      <Filter>Source Files</Filter>
    </ClCompile>
  </ItemGroup>
  <ItemGroup>
    <ResourceCompile Include="tview.rc">
      <Filter>Source Files</Filter>
    </ResourceCompile>
  </ItemGroup>
  <ItemGroup>
    <ClInclude Include="affinitydlg.h">
      <Filter>Header Files</Filter>
    </ClInclude>
    <ClInclude Include="..\common\security\basesecurity.h">
      <Filter>Header Files</Filter>
    </ClInclude>
    <ClInclude Include="DebugEnvelopDlg.h">
      <Filter>Header Files</Filter>
    </ClInclude>
    <ClInclude Include="DebugRender.h">
      <Filter>Header Files</Filter>
    </ClInclude>
    <ClInclude Include="DebugViewDlg.h">
      <Filter>Header Files</Filter>
    </ClInclude>
    <ClInclude Include="..\..\common\video\DIBView.h">
      <Filter>Header Files</Filter>
    </ClInclude>
    <ClInclude Include="..\..\common\video\DIBViewBase.h">
      <Filter>Header Files</Filter>
    </ClInclude>
    <ClInclude Include="DragDrop.h">
      <Filter>Header Files</Filter>
    </ClInclude>
    <ClInclude Include="FloatWnd.h">
      <Filter>Header Files</Filter>
    </ClInclude>
    <ClInclude Include="FloatWndManager.h">
      <Filter>Header Files</Filter>
    </ClInclude>
    <ClInclude Include="GadgetsTree.h">
      <Filter>Header Files</Filter>
    </ClInclude>
    <ClInclude Include="GadgetsTreeDlg.h">
      <Filter>Header Files</Filter>
    </ClInclude>
    <ClInclude Include="Graph.h">
      <Filter>Header Files</Filter>
    </ClInclude>
    <ClInclude Include="HelpDialog.h">
      <Filter>Header Files</Filter>
    </ClInclude>
    <ClInclude Include="HelpView.h">
      <Filter>Header Files</Filter>
    </ClInclude>
    <ClInclude Include="InsertMonitorDlg.h">
      <Filter>Header Files</Filter>
    </ClInclude>
    <ClInclude Include="RenderViewFrame.h">
      <Filter>Header Files</Filter>
    </ClInclude>
    <ClInclude Include="Resource.h">
      <Filter>Header Files</Filter>
    </ClInclude>
    <ClInclude Include="SimpleEnterDlg.h">
      <Filter>Header Files</Filter>
    </ClInclude>
    <ClInclude Include="SketchView.h">
      <Filter>Header Files</Filter>
    </ClInclude>
    <ClInclude Include="SketchViewMod.h">
      <Filter>Header Files</Filter>
    </ClInclude>
    <ClInclude Include="StdAfx.h">
      <Filter>Header Files</Filter>
    </ClInclude>
    <ClInclude Include="TiedDebugRender.h">
      <Filter>Header Files</Filter>
    </ClInclude>
    <ClInclude Include="TVToolTip.h">
      <Filter>Header Files</Filter>
    </ClInclude>
    <ClInclude Include="UndoManager.h">
      <Filter>Header Files</Filter>
    </ClInclude>
    <ClInclude Include="..\..\Common\gadgets\tview.h">
      <Filter>Header Files</Filter>
    </ClInclude>
    <ClInclude Include="..\..\Common\fxfc\lasterr2mes.h">
      <Filter>Header Files</Filter>
    </ClInclude>
    <ClInclude Include="..\..\Common\helpers\CSystemMonitorsEnumerator.h">
      <Filter>Header Files</Filter>
    </ClInclude>
  </ItemGroup>
  <ItemGroup>
    <Image Include="res\bitmap1.bmp">
      <Filter>Resource Files</Filter>
    </Image>
    <Image Include="res\bitmap2.bmp">
      <Filter>Resource Files</Filter>
    </Image>
    <Image Include="res\gadget_i.bmp">
      <Filter>Resource Files</Filter>
    </Image>
    <Image Include="icon1.ico">
      <Filter>Resource Files</Filter>
    </Image>
  </ItemGroup>
  <ItemGroup>
    <None Include="res\tview.rc2">
      <Filter>Resource Files</Filter>
    </None>
  </ItemGroup>
</Project>