<?xml version="1.0" encoding="utf-8"?>
<Project ToolsVersion="4.0" xmlns="http://schemas.microsoft.com/developer/msbuild/2003">
  <ItemGroup>
    <Filter Include="Source Files">
      <UniqueIdentifier>{701a8df5-2c0c-4bef-bf29-7f746452f541}</UniqueIdentifier>
      <Extensions>cpp;c;cxx;rc;def;r;odl;idl;hpj;bat</Extensions>
    </Filter>
    <Filter Include="Header Files">
      <UniqueIdentifier>{d0bd474c-f6ba-4250-a8e3-e26e0ecc5237}</UniqueIdentifier>
      <Extensions>h;hpp;hxx;hm;inl</Extensions>
    </Filter>
    <Filter Include="Resource Files">
      <UniqueIdentifier>{f48a9c93-bdbd-4b45-91fc-591fe9b50263}</UniqueIdentifier>
      <Extensions>ico;cur;bmp;dlg;rc2;rct;bin;rgs;gif;jpg;jpeg;jpe</Extensions>
    </Filter>
  </ItemGroup>
  <ItemGroup>
    <ClCompile Include="..\common\userinterface\DataFrameView.cpp">
      <Filter>Source Files</Filter>
    </ClCompile>
    <ClCompile Include="StdAfx.cpp">
      <Filter>Source Files</Filter>
    </ClCompile>
    <ClCompile Include="WaveFileCaptureSetupDlg.cpp">
      <Filter>Source Files</Filter>
    </ClCompile>
    <ClCompile Include="wavespeakersetupdlg.cpp">
      <Filter>Source Files</Filter>
    </ClCompile>
    <ClCompile Include="WavGadgets.cpp">
      <Filter>Source Files</Filter>
    </ClCompile>
    <ClCompile Include="WavGadgetsImpl.cpp">
      <Filter>Source Files</Filter>
    </ClCompile>
    <ClCompile Include="WavSpectrum.cpp">
      <Filter>Source Files</Filter>
    </ClCompile>
  </ItemGroup>
  <ItemGroup>
    <ResourceCompile Include="WavGadgets.rc">
      <Filter>Source Files</Filter>
    </ResourceCompile>
  </ItemGroup>
  <ItemGroup>
    <ClInclude Include="Resource.h">
      <Filter>Header Files</Filter>
    </ClInclude>
    <ClInclude Include="StdAfx.h">
      <Filter>Header Files</Filter>
    </ClInclude>
    <ClInclude Include="WaveFileCaptureSetupDlg.h">
      <Filter>Header Files</Filter>
    </ClInclude>
    <ClInclude Include="..\..\common\gadgets\WaveFrame.h">
      <Filter>Header Files</Filter>
    </ClInclude>
    <ClInclude Include="wavespeakersetupdlg.h">
      <Filter>Header Files</Filter>
    </ClInclude>
    <ClInclude Include="WavGadgets.h">
      <Filter>Header Files</Filter>
    </ClInclude>
    <ClInclude Include="WavGadgetsImpl.h">
      <Filter>Header Files</Filter>
    </ClInclude>
    <ClInclude Include="WavSpectrum.h">
      <Filter>Header Files</Filter>
    </ClInclude>
  </ItemGroup>
  <ItemGroup>
    <None Include="res\WavGadgets.rc2">
      <Filter>Resource Files</Filter>
    </None>
    <None Include="res\Wave_Capture_help.htm" />
    <None Include="res\Wave_File_Capture_help.htm" />
    <None Include="res\GIFS\4003.gif">
      <Filter>Resource Files</Filter>
    </None>
    <None Include="res\GIFS\4005.GIF">
      <Filter>Resource Files</Filter>
    </None>
    <None Include="ReadMe.txt" />
  </ItemGroup>
</Project>