<?xml version="1.0" encoding="utf-8"?>
<Project ToolsVersion="4.0" xmlns="http://schemas.microsoft.com/developer/msbuild/2003">
  <ItemGroup>
    <Filter Include="Source Files">
      <UniqueIdentifier>{24a331c5-2e94-4943-a9c3-978494ceb53d}</UniqueIdentifier>
      <Extensions>cpp;c;cxx;rc;def;r;odl;idl;hpj;bat</Extensions>
    </Filter>
    <Filter Include="Header Files">
      <UniqueIdentifier>{b6172ef5-959f-443d-9572-8fe3a3ed6e13}</UniqueIdentifier>
      <Extensions>h;hpp;hxx;hm;inl</Extensions>
    </Filter>
    <Filter Include="Resource Files">
      <UniqueIdentifier>{2b18ef74-02de-4231-8c73-eec84247aa0a}</UniqueIdentifier>
      <Extensions>ico;cur;bmp;dlg;rc2;rct;bin;rgs;gif;jpg;jpeg;jpe</Extensions>
    </Filter>
  </ItemGroup>
  <ItemGroup>
    <ClCompile Include="ptgrey2_0.cpp">
      <Filter>Source Files</Filter>
    </ClCompile>
    <ClCompile Include="PtGrey2_0Camera.cpp">
      <Filter>Source Files</Filter>
    </ClCompile>
    <ClCompile Include="StdAfx.cpp">
      <Filter>Source Files</Filter>
    </ClCompile>
    <ClCompile Include="..\..\..\Common\gadgets\CDevice.cpp">
      <Filter>Source Files</Filter>
    </ClCompile>
  </ItemGroup>
  <ItemGroup>
    <None Include="res\ptgrey2_0.rc2">
      <Filter>Resource Files</Filter>
    </None>
    <None Include="res\PtGrey_2_0_Help.mht">
      <Filter>Resource Files</Filter>
    </None>
  </ItemGroup>
  <ItemGroup>
    <ResourceCompile Include="ptgrey2_0.rc">
      <Filter>Source Files</Filter>
    </ResourceCompile>
  </ItemGroup>
  <ItemGroup>
    <ClInclude Include="ptgrey2_0.h">
      <Filter>Header Files</Filter>
    </ClInclude>
    <ClInclude Include="PtGrey2_0Camera.h">
      <Filter>Header Files</Filter>
    </ClInclude>
    <ClInclude Include="Resource.h">
      <Filter>Header Files</Filter>
    </ClInclude>
    <ClInclude Include="StdAfx.h">
      <Filter>Header Files</Filter>
    </ClInclude>
    <ClInclude Include="..\..\..\Common\gadgets\CDevice.h">
      <Filter>Header Files</Filter>
    </ClInclude>
  </ItemGroup>
  <ItemGroup>
    <Image Include="res\GIFS\1000.gif">
      <Filter>Resource Files</Filter>
    </Image>
    <Image Include="res\GIFS\1001.gif">
      <Filter>Resource Files</Filter>
    </Image>
    <Image Include="res\GIFS\12001.gif">
      <Filter>Resource Files</Filter>
    </Image>
    <Image Include="res\GIFS\12002.gif">
      <Filter>Resource Files</Filter>
    </Image>
  </ItemGroup>
  <ItemGroup>
    <Text Include="DLL_DEPENDENCIES.txt" />
  </ItemGroup>
</Project>