<?xml version="1.0" encoding="utf-8"?>
<Project ToolsVersion="4.0" xmlns="http://schemas.microsoft.com/developer/msbuild/2003">
  <ItemGroup>
    <Filter Include="Source Files">
      <UniqueIdentifier>{c6c2a44d-4dee-4a7f-8642-6ac95ca271bc}</UniqueIdentifier>
      <Extensions>cpp;c;cxx;rc;def;r;odl;idl;hpj;bat</Extensions>
    </Filter>
    <Filter Include="Header Files">
      <UniqueIdentifier>{b57d71ef-403f-4aa9-946f-24daba2da679}</UniqueIdentifier>
      <Extensions>h;hpp;hxx;hm;inl</Extensions>
    </Filter>
    <Filter Include="Resource Files">
      <UniqueIdentifier>{39800859-6cdd-41f1-a59e-262bf80e76ea}</UniqueIdentifier>
      <Extensions>ico;cur;bmp;dlg;rc2;rct;bin;rgs;gif;jpg;jpeg;jpe</Extensions>
    </Filter>
  </ItemGroup>
  <ItemGroup>
    <ClCompile Include="..\common\imageproc\clusters\ClusterOp.cpp">
      <Filter>Source Files</Filter>
    </ClCompile>
    <ClCompile Include="..\common\imageproc\clusters\Clusters.cpp">
      <Filter>Source Files</Filter>
    </ClCompile>
    <ClCompile Include="..\common\imageproc\ocr\Crcgn.cpp">
      <Filter>Source Files</Filter>
    </ClCompile>
    <ClCompile Include="OCRGadget.cpp">
      <Filter>Source Files</Filter>
    </ClCompile>
    <ClCompile Include="OCRInscribing.cpp">
      <Filter>Source Files</Filter>
    </ClCompile>
    <ClCompile Include="OCRTool.cpp">
      <Filter>Source Files</Filter>
    </ClCompile>
    <ClCompile Include="StdAfx.cpp">
      <Filter>Source Files</Filter>
    </ClCompile>
    <ClCompile Include="TVRecognition.cpp">
      <Filter>Source Files</Filter>
    </ClCompile>
  </ItemGroup>
  <ItemGroup>
    <ClInclude Include="..\common\imageproc\clusters\ClusterOp.h">
      <Filter>Source Files</Filter>
    </ClInclude>
    <ClInclude Include="..\common\imageproc\clusters\Clusters.h">
      <Filter>Source Files</Filter>
    </ClInclude>
    <ClInclude Include="OCRGadget.h">
      <Filter>Header Files</Filter>
    </ClInclude>
    <ClInclude Include="OCRInscribing.h">
      <Filter>Header Files</Filter>
    </ClInclude>
    <ClInclude Include="OCRTool.h">
      <Filter>Header Files</Filter>
    </ClInclude>
    <ClInclude Include="Resource.h">
      <Filter>Header Files</Filter>
    </ClInclude>
    <ClInclude Include="StdAfx.h">
      <Filter>Header Files</Filter>
    </ClInclude>
    <ClInclude Include="TVRecognition.h">
      <Filter>Header Files</Filter>
    </ClInclude>
    <ClInclude Include="..\common\imageproc\ocr\charmap.h">
      <Filter>Header Files</Filter>
    </ClInclude>
    <ClInclude Include="..\common\imageproc\ocr\charproperties.h">
      <Filter>Header Files</Filter>
    </ClInclude>
    <ClInclude Include="..\common\imageproc\ocr\Crcgn.h">
      <Filter>Header Files</Filter>
    </ClInclude>
    <ClInclude Include="..\common\imageproc\ocr\ocrmessages.h">
      <Filter>Header Files</Filter>
    </ClInclude>
  </ItemGroup>
  <ItemGroup>
    <None Include="res\ocrlib.bin">
      <Filter>Resource Files</Filter>
    </None>
    <None Include="res\TVRecognition.rc2">
      <Filter>Resource Files</Filter>
    </None>
  </ItemGroup>
  <ItemGroup>
    <ResourceCompile Include="TVRecognition.rc">
      <Filter>Source Files</Filter>
    </ResourceCompile>
  </ItemGroup>
</Project>