<?xml version="1.0" encoding="utf-8"?>
<Project ToolsVersion="4.0" xmlns="http://schemas.microsoft.com/developer/msbuild/2003">
  <ItemGroup>
    <Filter Include="Source Files">
      <UniqueIdentifier>{2528729f-4df3-4de9-aa36-9228eef39a0e}</UniqueIdentifier>
      <Extensions>cpp;c;cxx;rc;def;r;odl;idl;hpj;bat</Extensions>
    </Filter>
    <Filter Include="Header Files">
      <UniqueIdentifier>{701edfe8-4cad-45a7-818c-01aed3771e97}</UniqueIdentifier>
      <Extensions>h;hpp;hxx;hm;inl</Extensions>
    </Filter>
    <Filter Include="Resource Files">
      <UniqueIdentifier>{333e556c-a627-4b7b-9efc-2b9f0fa6d33a}</UniqueIdentifier>
      <Extensions>ico;cur;bmp;dlg;rc2;rct;bin;rgs;gif;jpg;jpeg;jpe</Extensions>
    </Filter>
  </ItemGroup>
  <ItemGroup>
    <ClCompile Include="COMCapture.cpp">
      <Filter>Source Files</Filter>
    </ClCompile>
    <ClCompile Include="HtmlRequest.cpp">
      <Filter>Source Files</Filter>
    </ClCompile>
    <ClCompile Include="MatchTemplate.cpp">
      <Filter>Source Files</Filter>
    </ClCompile>
    <ClCompile Include="NMEAParser.cpp">
      <Filter>Source Files</Filter>
    </ClCompile>
    <ClCompile Include="StdAfx.cpp">
      <Filter>Source Files</Filter>
    </ClCompile>
    <ClCompile Include="TextFormat.cpp">
      <Filter>Source Files</Filter>
    </ClCompile>
    <ClCompile Include="TextGadgetsImpl.cpp">
      <Filter>Source Files</Filter>
    </ClCompile>
    <ClCompile Include="TxtGadgets.cpp">
      <Filter>Source Files</Filter>
    </ClCompile>
    <ClCompile Include="TxtRenderSetupDialog.cpp">
      <Filter>Source Files</Filter>
    </ClCompile>
    <ClCompile Include="..\..\Common\helpers\internalwatcher.cpp">
      <Filter>Source Files</Filter>
    </ClCompile>
    <ClCompile Include="..\..\Common\helpers\SerialPort.cpp">
      <Filter>Source Files</Filter>
    </ClCompile>
  </ItemGroup>
  <ItemGroup>
    <ResourceCompile Include="TxtGadgets.rc">
      <Filter>Source Files</Filter>
    </ResourceCompile>
  </ItemGroup>
  <ItemGroup>
    <ClInclude Include="COMCapture.h">
      <Filter>Header Files</Filter>
    </ClInclude>
    <ClInclude Include="HtmlRequest.h">
      <Filter>Header Files</Filter>
    </ClInclude>
    <ClInclude Include="MatchTemplate.h">
      <Filter>Header Files</Filter>
    </ClInclude>
    <ClInclude Include="NMEAParser.h">
      <Filter>Header Files</Filter>
    </ClInclude>
    <ClInclude Include="Resource.h">
      <Filter>Header Files</Filter>
    </ClInclude>
    <ClInclude Include="StdAfx.h">
      <Filter>Header Files</Filter>
    </ClInclude>
    <ClInclude Include="TextFormat.h">
      <Filter>Header Files</Filter>
    </ClInclude>
    <ClInclude Include="TextGadgetsImpl.h">
      <Filter>Header Files</Filter>
    </ClInclude>
    <ClInclude Include="TxtGadgets.h">
      <Filter>Header Files</Filter>
    </ClInclude>
    <ClInclude Include="TxtRenderSetupDialog.h">
      <Filter>Header Files</Filter>
    </ClInclude>
    <ClInclude Include="..\..\Common\helpers\FXParser2.h">
      <Filter>Header Files</Filter>
    </ClInclude>
    <ClInclude Include="..\..\Common\helpers\internalwatcher.h">
      <Filter>Header Files</Filter>
    </ClInclude>
    <ClInclude Include="..\..\Common\helpers\SerialPort.h">
      <Filter>Header Files</Filter>
    </ClInclude>
  </ItemGroup>
  <ItemGroup>
    <None Include="res\TxtGadgets.rc2">
      <Filter>Resource Files</Filter>
    </None>
    <None Include="res\10000.htm" />
    <None Include="res\1001.css" />
    <None Include="res\COM_Capture_help.htm" />
    <None Include="res\10001.htm" />
    <None Include="res\10004.htm" />
    <None Include="res\10005.htm" />
    <None Include="res\10006.htm" />
    <None Include="res\10007.htm" />
    <None Include="res\10003.htm" />
    <None Include="res\COM_Capture_help.mht" />
  </ItemGroup>
  <ItemGroup>
    <Text Include="ReadMe.txt" />
  </ItemGroup>
  <ItemGroup>
    <Image Include="res\GIFS\3005.GIF">
      <Filter>Resource Files</Filter>
    </Image>
    <Image Include="res\GIFS\3006.gif">
      <Filter>Resource Files</Filter>
    </Image>
    <Image Include="res\GIFS\3007.gif">
      <Filter>Resource Files</Filter>
    </Image>
  </ItemGroup>
</Project>