<?xml version="1.0" encoding="utf-8"?>
<Project ToolsVersion="4.0" xmlns="http://schemas.microsoft.com/developer/msbuild/2003">
  <ItemGroup>
    <Filter Include="Source Files">
      <UniqueIdentifier>{068ba127-faef-43e1-ae49-7a9d5397a4e0}</UniqueIdentifier>
      <Extensions>cpp;c;cxx;rc;def;r;odl;idl;hpj;bat</Extensions>
    </Filter>
    <Filter Include="Header Files">
      <UniqueIdentifier>{2c659e01-77b2-4443-b6ed-82dc0f29f5c9}</UniqueIdentifier>
      <Extensions>h;hpp;hxx;hm;inl</Extensions>
    </Filter>
    <Filter Include="Resource Files">
      <UniqueIdentifier>{47d9d3dc-aa3a-4e29-96fd-8a3906fd50af}</UniqueIdentifier>
      <Extensions>ico;cur;bmp;dlg;rc2;rct;bin;rgs;gif;jpg;jpeg;jpe</Extensions>
    </Filter>
  </ItemGroup>
  <ItemGroup>
    <ClCompile Include="CreateMask.cpp">
      <Filter>Source Files</Filter>
    </ClCompile>
    <ClCompile Include="MotionBridgeGadget.cpp">
      <Filter>Source Files</Filter>
    </ClCompile>
    <ClCompile Include="MotionEstimate.cpp">
      <Filter>Source Files</Filter>
    </ClCompile>
    <ClCompile Include="SeekMotion.cpp">
      <Filter>Source Files</Filter>
    </ClCompile>
    <ClCompile Include="ShowVectorField.cpp">
      <Filter>Source Files</Filter>
    </ClCompile>
    <ClCompile Include="StdAfx.cpp">
      <Filter>Source Files</Filter>
    </ClCompile>
    <ClCompile Include="TestVectorField.cpp">
      <Filter>Source Files</Filter>
    </ClCompile>
    <ClCompile Include="VectorFieldFrame.cpp">
      <Filter>Source Files</Filter>
    </ClCompile>
    <ClCompile Include="VectorFields.cpp">
      <Filter>Source Files</Filter>
    </ClCompile>
    <ClCompile Include="VFEnlarge.cpp">
      <Filter>Source Files</Filter>
    </ClCompile>
  </ItemGroup>
  <ItemGroup>
    <None Include="res\VectorFields.rc2">
      <Filter>Resource Files</Filter>
    </None>
  </ItemGroup>
  <ItemGroup>
    <ResourceCompile Include="VectorFields.rc">
      <Filter>Source Files</Filter>
    </ResourceCompile>
  </ItemGroup>
  <ItemGroup>
    <ClInclude Include="CreateMask.h">
      <Filter>Header Files</Filter>
    </ClInclude>
    <ClInclude Include="MotionBridgeGadget.h">
      <Filter>Header Files</Filter>
    </ClInclude>
    <ClInclude Include="MotionEstimate.h">
      <Filter>Header Files</Filter>
    </ClInclude>
    <ClInclude Include="Resource.h">
      <Filter>Header Files</Filter>
    </ClInclude>
    <ClInclude Include="SeekMotion.h">
      <Filter>Header Files</Filter>
    </ClInclude>
    <ClInclude Include="ShowVectorField.h">
      <Filter>Header Files</Filter>
    </ClInclude>
    <ClInclude Include="StdAfx.h">
      <Filter>Header Files</Filter>
    </ClInclude>
    <ClInclude Include="SumOfAbsDifferences.h">
      <Filter>Header Files</Filter>
    </ClInclude>
    <ClInclude Include="TestVectorField.h">
      <Filter>Header Files</Filter>
    </ClInclude>
    <ClInclude Include="VectorFieldFrame.h">
      <Filter>Header Files</Filter>
    </ClInclude>
    <ClInclude Include="VectorFields.h">
      <Filter>Header Files</Filter>
    </ClInclude>
    <ClInclude Include="VFEnlarge.h">
      <Filter>Header Files</Filter>
    </ClInclude>
  </ItemGroup>
</Project>