<?xml version="1.0" encoding="utf-8"?>
<Project ToolsVersion="4.0" xmlns="http://schemas.microsoft.com/developer/msbuild/2003">
  <ItemGroup>
    <Filter Include="Source Files">
      <UniqueIdentifier>{ccad7c5d-7054-4d31-929d-a78cca8462d1}</UniqueIdentifier>
      <Extensions>cpp;c;cxx;rc;def;r;odl;idl;hpj;bat</Extensions>
    </Filter>
    <Filter Include="Header Files">
      <UniqueIdentifier>{414aa0a8-609d-4265-beef-7ca22755b12d}</UniqueIdentifier>
      <Extensions>h;hpp;hxx;hm;inl</Extensions>
    </Filter>
    <Filter Include="Resource Files">
      <UniqueIdentifier>{b45b7246-9462-4603-8e65-092ee82d1f6d}</UniqueIdentifier>
      <Extensions>ico;cur;bmp;dlg;rc2;rct;bin;rgs;gif;jpg;jpeg;jpe</Extensions>
    </Filter>
  </ItemGroup>
  <ItemGroup>
    <ClCompile Include="AggregatorGadget.cpp">
      <Filter>Source Files</Filter>
    </ClCompile>
    <ClCompile Include="ArrayToFigure.cpp">
      <Filter>Source Files</Filter>
    </ClCompile>
    <ClCompile Include="BufferGadget.cpp">
      <Filter>Source Files</Filter>
    </ClCompile>
    <ClCompile Include="CaptureTimer.cpp">
      <Filter>Source Files</Filter>
    </ClCompile>
    <ClCompile Include="ControlPinTester.cpp">
      <Filter>Source Files</Filter>
    </ClCompile>
    <ClCompile Include="CtrlPinTestDlg.cpp">
      <Filter>Source Files</Filter>
    </ClCompile>
    <ClCompile Include="..\common\helpers\directio.cpp">
      <Filter>Source Files</Filter>
    </ClCompile>
    <ClCompile Include="DisassembleGadget.cpp">
      <Filter>Source Files</Filter>
    </ClCompile>
    <ClCompile Include="..\common\files\FileList.cpp">
      <Filter>Source Files</Filter>
    </ClCompile>
    <ClCompile Include="FramesCounter.cpp">
      <Filter>Source Files</Filter>
    </ClCompile>
    <ClCompile Include="Gadgets.cpp">
      <Filter>Source Files</Filter>
    </ClCompile>
    <ClCompile Include="GenericCapture.cpp">
      <Filter>Source Files</Filter>
    </ClCompile>
    <ClCompile Include="GenericRenderer.cpp">
      <Filter>Source Files</Filter>
    </ClCompile>
    <ClCompile Include="LabelFilter.cpp">
      <Filter>Source Files</Filter>
    </ClCompile>
    <ClCompile Include="LPTBitRenderer.cpp">
      <Filter>Source Files</Filter>
    </ClCompile>
    <ClCompile Include="LPTSetup.cpp">
      <Filter>Source Files</Filter>
    </ClCompile>
    <ClCompile Include="NullGadget.cpp">
      <Filter>Source Files</Filter>
    </ClCompile>
    <ClCompile Include="ParamSetupDlg.cpp">
      <Filter>Source Files</Filter>
    </ClCompile>
    <ClCompile Include="..\common\helpers\PrxyWnd.cpp">
      <Filter>Source Files</Filter>
    </ClCompile>
    <ClCompile Include="Sink.cpp">
      <Filter>Source Files</Filter>
    </ClCompile>
    <ClCompile Include="..\common\files\SrcList.cpp">
      <Filter>Source Files</Filter>
    </ClCompile>
    <ClCompile Include="StdAfx.cpp">
      <Filter>Source Files</Filter>
    </ClCompile>
    <ClCompile Include="SwitchFilter.cpp">
      <Filter>Source Files</Filter>
    </ClCompile>
    <ClCompile Include="TVGeneric.cpp">
      <Filter>Source Files</Filter>
    </ClCompile>
    <ClCompile Include="Uniselector.cpp">
      <Filter>Source Files</Filter>
    </ClCompile>
    <ClCompile Include="Calculator.cpp">
      <Filter>Source Files</Filter>
    </ClCompile>
    <ClCompile Include="SynthRGB.cpp">
      <Filter>Source Files</Filter>
    </ClCompile>
    <ClCompile Include="Spool.cpp">
      <Filter>Source Files</Filter>
    </ClCompile>
    <ClCompile Include="..\..\Common\files\filefilter.cpp">
      <Filter>Source Files</Filter>
    </ClCompile>
  </ItemGroup>
  <ItemGroup>
    <ResourceCompile Include="TVGeneric.rc">
      <Filter>Source Files</Filter>
    </ResourceCompile>
  </ItemGroup>
  <ItemGroup>
    <ClInclude Include="AggregatorGadget.h">
      <Filter>Header Files</Filter>
    </ClInclude>
    <ClInclude Include="ArrayToFigure.h">
      <Filter>Header Files</Filter>
    </ClInclude>
    <ClInclude Include="BufferGadget.h">
      <Filter>Header Files</Filter>
    </ClInclude>
    <ClInclude Include="CaptureTimer.h">
      <Filter>Header Files</Filter>
    </ClInclude>
    <ClInclude Include="..\..\common\gadgets\ControledFilter.h">
      <Filter>Header Files</Filter>
    </ClInclude>
    <ClInclude Include="ControlPinTester.h">
      <Filter>Header Files</Filter>
    </ClInclude>
    <ClInclude Include="CtrlPinTestDlg.h">
      <Filter>Header Files</Filter>
    </ClInclude>
    <ClInclude Include="DisassembleGadget.h">
      <Filter>Header Files</Filter>
    </ClInclude>
    <ClInclude Include="FramesCounter.h">
      <Filter>Header Files</Filter>
    </ClInclude>
    <ClInclude Include="Gadgets.h">
      <Filter>Header Files</Filter>
    </ClInclude>
    <ClInclude Include="GadgetsLibrary.h">
      <Filter>Header Files</Filter>
    </ClInclude>
    <ClInclude Include="GenericCapture.h">
      <Filter>Header Files</Filter>
    </ClInclude>
    <ClInclude Include="GenericRenderer.h">
      <Filter>Header Files</Filter>
    </ClInclude>
    <ClInclude Include="LabelFilter.h">
      <Filter>Header Files</Filter>
    </ClInclude>
    <ClInclude Include="LPTBitRenderer.h">
      <Filter>Header Files</Filter>
    </ClInclude>
    <ClInclude Include="LPTSetup.h">
      <Filter>Header Files</Filter>
    </ClInclude>
    <ClInclude Include="NullGadget.h">
      <Filter>Header Files</Filter>
    </ClInclude>
    <ClInclude Include="paramsetupdlg.h">
      <Filter>Header Files</Filter>
    </ClInclude>
    <ClInclude Include="..\..\common\gadgets\QuantityFrame.h">
      <Filter>Header Files</Filter>
    </ClInclude>
    <ClInclude Include="Resource.h">
      <Filter>Header Files</Filter>
    </ClInclude>
    <ClInclude Include="StdAfx.h">
      <Filter>Header Files</Filter>
    </ClInclude>
    <ClInclude Include="SwitchFilter.h">
      <Filter>Header Files</Filter>
    </ClInclude>
    <ClInclude Include="TVGeneric.h">
      <Filter>Header Files</Filter>
    </ClInclude>
    <ClInclude Include="Uniselector.h">
      <Filter>Header Files</Filter>
    </ClInclude>
    <ClInclude Include="Spool.h">
      <Filter>Header Files</Filter>
    </ClInclude>
  </ItemGroup>
  <ItemGroup>
    <Image Include="res\GIFS\1011.gif">
      <Filter>Resource Files</Filter>
    </Image>
    <Image Include="res\GIFS\1021.gif">
      <Filter>Resource Files</Filter>
    </Image>
    <Image Include="res\GIFS\1041.gif">
      <Filter>Resource Files</Filter>
    </Image>
    <Image Include="res\GIFS\1061.gif">
      <Filter>Resource Files</Filter>
    </Image>
    <Image Include="res\GIFS\1062.gif">
      <Filter>Resource Files</Filter>
    </Image>
    <Image Include="res\GIFS\1071.gif">
      <Filter>Resource Files</Filter>
    </Image>
  </ItemGroup>
  <ItemGroup>
    <None Include="tvg1.bin">
      <Filter>Resource Files</Filter>
    </None>
    <None Include="res\TVGeneric.rc2">
      <Filter>Resource Files</Filter>
    </None>
    <None Include="res\1000.htm" />
    <None Include="res\TVG\1000.tvg" />
    <None Include="res\1001.css" />
    <None Include="res\1010.htm" />
    <None Include="res\1020.htm" />
    <None Include="res\1030.htm" />
    <None Include="res\1040.htm" />
    <None Include="res\1050.htm" />
    <None Include="res\1060.htm" />
    <None Include="res\1070.htm" />
    <None Include="hwinterface.sys" />
  </ItemGroup>
</Project>