<?xml version="1.0" encoding="utf-8"?>
<Project ToolsVersion="4.0" xmlns="http://schemas.microsoft.com/developer/msbuild/2003">
  <ItemGroup>
    <Filter Include="Source Files">
      <UniqueIdentifier>{f73df120-fffd-4234-b059-510536b57fc7}</UniqueIdentifier>
      <Extensions>cpp;c;cxx;rc;def;r;odl;idl;hpj;bat</Extensions>
    </Filter>
    <Filter Include="Header Files">
      <UniqueIdentifier>{75339183-7585-41ac-9cd0-e360c421af56}</UniqueIdentifier>
      <Extensions>h;hpp;hxx;hm;inl</Extensions>
    </Filter>
    <Filter Include="Resource Files">
      <UniqueIdentifier>{5fc5620f-f42c-4769-930f-593e3d27dee6}</UniqueIdentifier>
      <Extensions>ico;cur;bmp;dlg;rc2;rct;bin;rgs;gif;jpg;jpeg;jpe</Extensions>
    </Filter>
  </ItemGroup>
  <ItemGroup>
    <ClCompile Include="FLWCapStpDialog.cpp">
      <Filter>Source Files</Filter>
    </ClCompile>
    <ClCompile Include="FLWCaptureGadget.cpp">
      <Filter>Source Files</Filter>
    </ClCompile>
    <ClCompile Include="FLWGadget.cpp">
      <Filter>Source Files</Filter>
    </ClCompile>
    <ClCompile Include="FLWRenderGadget.cpp">
      <Filter>Source Files</Filter>
    </ClCompile>
    <ClCompile Include="FlwRenderStp.cpp">
      <Filter>Source Files</Filter>
    </ClCompile>
    <ClCompile Include="StdAfx.cpp">
      <Filter>Source Files</Filter>
    </ClCompile>
  </ItemGroup>
  <ItemGroup>
    <None Include="res\FLWGadget.rc2">
      <Filter>Resource Files</Filter>
    </None>
    <None Include="res\10000.htm" />
    <None Include="res\1001.css" />
    <None Include="res\FLW_Capture_help.htm" />
    <None Include="res\10001.htm" />
  </ItemGroup>
  <ItemGroup>
    <ResourceCompile Include="FLWGadget.rc">
      <Filter>Source Files</Filter>
    </ResourceCompile>
  </ItemGroup>
  <ItemGroup>
    <ClInclude Include="FLWCapStpDialog.h">
      <Filter>Header Files</Filter>
    </ClInclude>
    <ClInclude Include="FLWCaptureGadget.h">
      <Filter>Header Files</Filter>
    </ClInclude>
    <ClInclude Include="FLWGadget.h">
      <Filter>Header Files</Filter>
    </ClInclude>
    <ClInclude Include="FLWRenderGadget.h">
      <Filter>Header Files</Filter>
    </ClInclude>
    <ClInclude Include="FlwRenderStp.h">
      <Filter>Header Files</Filter>
    </ClInclude>
    <ClInclude Include="..\..\common\gadgets\MetafileFrame.h">
      <Filter>Header Files</Filter>
    </ClInclude>
    <ClInclude Include="Resource.h">
      <Filter>Header Files</Filter>
    </ClInclude>
    <ClInclude Include="StdAfx.h">
      <Filter>Header Files</Filter>
    </ClInclude>
    <ClInclude Include="..\..\common\gadgets\VideoFrame.h">
      <Filter>Header Files</Filter>
    </ClInclude>
  </ItemGroup>
  <ItemGroup>
    <Image Include="res\GIFS\5.GIF">
      <Filter>Resource Files</Filter>
    </Image>
    <Image Include="res\GIFS\1000.gif">
      <Filter>Resource Files</Filter>
    </Image>
    <Image Include="res\GIFS\1001.gif">
      <Filter>Resource Files</Filter>
    </Image>
  </ItemGroup>
</Project>