<?xml version="1.0" encoding="utf-8"?>
<Project ToolsVersion="4.0" xmlns="http://schemas.microsoft.com/developer/msbuild/2003">
  <ItemGroup>
    <Filter Include="Source Files">
      <UniqueIdentifier>{0c2bc6ad-f41a-4b38-98d1-5e24ea1fbfc7}</UniqueIdentifier>
      <Extensions>cpp;c;cxx;rc;def;r;odl;idl;hpj;bat</Extensions>
    </Filter>
    <Filter Include="Header Files">
      <UniqueIdentifier>{3fa832a2-dc21-4d04-9685-6809df03d121}</UniqueIdentifier>
      <Extensions>h;hpp;hxx;hm;inl</Extensions>
    </Filter>
    <Filter Include="Resource Files">
      <UniqueIdentifier>{646c1324-2355-4695-a576-9201c811cf4b}</UniqueIdentifier>
      <Extensions>ico;cur;bmp;dlg;rc2;rct;bin;rgs;gif;jpg;jpeg;jpe</Extensions>
    </Filter>
  </ItemGroup>
  <ItemGroup>
    <ClCompile Include="..\..\gadgets\cameras\common\gadgets\1394Camera.cpp">
      <Filter>Source Files</Filter>
    </ClCompile>
    <ClCompile Include="imcntl.cpp">
      <Filter>Source Files</Filter>
    </ClCompile>
    <ClCompile Include="..\Common\helpers\ShMemControl.cpp">
      <Filter>Source Files</Filter>
    </ClCompile>
    <ClCompile Include="SMSoliosRequest.cpp">
      <Filter>Source Files</Filter>
    </ClCompile>
    <ClCompile Include="SoliosDalsa.cpp">
      <Filter>Source Files</Filter>
    </ClCompile>
    <ClCompile Include="SoliosDalsaCamera.cpp">
      <Filter>Source Files</Filter>
    </ClCompile>
    <ClCompile Include="StdAfx.cpp">
      <Filter>Source Files</Filter>
    </ClCompile>
  </ItemGroup>
  <ItemGroup>
    <None Include="res\SoliosDalsa.rc2">
      <Filter>Resource Files</Filter>
    </None>
  </ItemGroup>
  <ItemGroup>
    <ResourceCompile Include="SoliosDalsa.rc">
      <Filter>Source Files</Filter>
    </ResourceCompile>
  </ItemGroup>
  <ItemGroup>
    <ClInclude Include="Resource.h">
      <Filter>Header Files</Filter>
    </ClInclude>
    <ClInclude Include="SoliosDalsa.h">
      <Filter>Header Files</Filter>
    </ClInclude>
    <ClInclude Include="SoliosDalsaCamera.h">
      <Filter>Header Files</Filter>
    </ClInclude>
    <ClInclude Include="StdAfx.h">
      <Filter>Header Files</Filter>
    </ClInclude>
    <ClInclude Include="..\..\gadgets\cameras\common\gadgets\1394Camera.h">
      <Filter>Header Files</Filter>
    </ClInclude>
  </ItemGroup>
  <ItemGroup>
    <Image Include="res\GIFS\12001.GIF">
      <Filter>Resource Files</Filter>
    </Image>
    <Image Include="res\GIFS\12002.gif">
      <Filter>Resource Files</Filter>
    </Image>
  </ItemGroup>
</Project>